
Microsoft Visual Studio Solution File, Format Version 12.00
# Visual Studio Version 16
VisualStudioVersion = 16.0.29709.97
MinimumVisualStudioVersion = 10.0.40219.1
Project("{2150E333-8FDC-42A3-9474-1A3956D46DE8}") = "Ch01", "Ch01", "{B4AD416F-6870-49AA-84F9-8B3DA5DB1844}"
EndProject
Project("{8BC9CEB8-8B4A-11D0-8D11-00A0C91BC942}") = "FirstApp", "FirstApp\FirstApp.vcxproj", "{3B8FEF14-6BCC-43B9-86E5-BB35EFFC8311}"
EndProject
Project("{8BC9CEB8-8B4A-11D0-8D11-00A0C91BC942}") = "TemplateTest", "TemplateTest\TemplateTest.vcxproj", "{94A6E768-C437-4827-9C9B-E4508D89C510}"
EndProject
Project("{2150E333-8FDC-42A3-9474-1A3956D46DE8}") = "Ch03", "Ch03", "{2F19F46F-FE4B-4F28-914B-7BA9E1AFB048}"
EndProject
Project("{8BC9CEB8-8B4A-11D0-8D11-00A0C91BC942}") = "VarTest1", "VarTest1\VarTest1.vcxproj", "{D7F382BF-CD9D-441A-B4E3-0860B18B03A9}"
EndProject
Project("{8BC9CEB8-8B4A-11D0-8D11-00A0C91BC942}") = "StringTest", "StringTest\StringTest.vcxproj", "{8E31B6C1-7307-41C2-B598-4CD4880401A7}"
EndProject
Project("{2150E333-8FDC-42A3-9474-1A3956D46DE8}") = "Ch04", "Ch04", "{5D4DD241-5757-4076-9355-5E9485F38C5A}"
EndProject
Project("{8BC9CEB8-8B4A-11D0-8D11-00A0C91BC942}") = "DivideTEst", "DivideTEst\DivideTEst.vcxproj", "{6A639518-6BD5-42C8-9364-15CBBC80C155}"
EndProject
Project("{8BC9CEB8-8B4A-11D0-8D11-00A0C91BC942}") = "CastTest", "CastTest\CastTest.vcxproj", "{DE2681BE-A5E9-46DE-ADE2-4EC75B2F700A}"
EndProject
Project("{8BC9CEB8-8B4A-11D0-8D11-00A0C91BC942}") = "optestapp", "optestapp\optestapp.vcxproj", "{A4CFEBD6-2D49-47EE-A9A6-FF5E7BA0D849}"
EndProject
Project("{2150E333-8FDC-42A3-9474-1A3956D46DE8}") = "Ch05", "Ch05", "{0E0689CF-1D6D-4665-9DEE-462C0F35819F}"
EndProject
Project("{8BC9CEB8-8B4A-11D0-8D11-00A0C91BC942}") = "IfTestApp", "IfTestApp\IfTestApp.vcxproj", "{A3020F73-3697-443B-A738-6EB4D361D807}"
EndProject
Project("{8BC9CEB8-8B4A-11D0-8D11-00A0C91BC942}") = "SwitchTestApp", "SwitchTestApp\SwitchTestApp.vcxproj", "{0F4BC9DC-C314-4964-B3D0-7E2C71062C65}"
EndProject
Project("{2150E333-8FDC-42A3-9474-1A3956D46DE8}") = "Ch06", "Ch06", "{CFB6988F-0939-40C9-ADFE-214460F3EBA0}"
EndProject
Project("{8BC9CEB8-8B4A-11D0-8D11-00A0C91BC942}") = "WhileTestApp", "WhileTestApp\WhileTestApp.vcxproj", "{C5023992-6D3C-4510-8251-63C0FDE312A0}"
EndProject
Project("{8BC9CEB8-8B4A-11D0-8D11-00A0C91BC942}") = "ForTestApp", "ForTestApp\ForTestApp.vcxproj", "{D8607D6C-57FD-4110-ABB5-F2330DA5076E}"
EndProject
Project("{2150E333-8FDC-42A3-9474-1A3956D46DE8}") = "Ch07", "Ch07", "{3ADBB5B0-9D90-46F2-B388-53A77CDD1063}"
EndProject
Project("{8BC9CEB8-8B4A-11D0-8D11-00A0C91BC942}") = "FuncTestApp", "FuncTestApp\FuncTestApp.vcxproj", "{4611D900-6914-4B79-97D0-245C16A9E16E}"
EndProject
Project("{2150E333-8FDC-42A3-9474-1A3956D46DE8}") = "Ch08", "Ch08", "{2A9047ED-3867-4D0C-BE9D-F42B97E003BF}"
EndProject
Project("{8BC9CEB8-8B4A-11D0-8D11-00A0C91BC942}") = "ArrayTestApp", "ArrayTestApp\ArrayTestApp.vcxproj", "{D31E7F9A-76EA-4952-8A34-02E79E516834}"
EndProject
Project("{8BC9CEB8-8B4A-11D0-8D11-00A0C91BC942}") = "StringTestApp", "StringTestApp\StringTestApp.vcxproj", "{60B0CB3E-4A3D-4123-BD77-376994D5081E}"
EndProject
Project("{2150E333-8FDC-42A3-9474-1A3956D46DE8}") = "Ch09", "Ch09", "{9EF45BBA-7376-4756-9BAC-2D2CCE90B05A}"
EndProject
Project("{8BC9CEB8-8B4A-11D0-8D11-00A0C91BC942}") = "PointerTestApp", "PointerTestApp\PointerTestApp.vcxproj", "{4F6EE9D7-32A2-4C82-8C4D-343442892604}"
EndProject
Project("{8BC9CEB8-8B4A-11D0-8D11-00A0C91BC942}") = "SwapTestApp", "SwapTestApp\SwapTestApp.vcxproj", "{7097667F-EAB9-4D26-A8AB-C5045E7D6247}"
EndProject
Project("{2150E333-8FDC-42A3-9474-1A3956D46DE8}") = "Ch10", "Ch10", "{3C86B502-7677-45F6-A3A0-D12AC11C0485}"
EndProject
Project("{8BC9CEB8-8B4A-11D0-8D11-00A0C91BC942}") = "ArrPtrTestApp", "ArrPtrTestApp\ArrPtrTestApp.vcxproj", "{087ACF6A-0AF1-4C23-BEB5-6B7727A6CC99}"
EndProject
Project("{8BC9CEB8-8B4A-11D0-8D11-00A0C91BC942}") = "FindMaxApp", "FindMaxApp\FindMaxApp.vcxproj", "{11140D17-ADF4-431A-8BBC-0741D9021983}"
EndProject
Global
	GlobalSection(SolutionConfigurationPlatforms) = preSolution
		Debug|x64 = Debug|x64
		Debug|x86 = Debug|x86
		Release|x64 = Release|x64
		Release|x86 = Release|x86
	EndGlobalSection
	GlobalSection(ProjectConfigurationPlatforms) = postSolution
		{3B8FEF14-6BCC-43B9-86E5-BB35EFFC8311}.Debug|x64.ActiveCfg = Debug|x64
		{3B8FEF14-6BCC-43B9-86E5-BB35EFFC8311}.Debug|x64.Build.0 = Debug|x64
		{3B8FEF14-6BCC-43B9-86E5-BB35EFFC8311}.Debug|x86.ActiveCfg = Debug|Win32
		{3B8FEF14-6BCC-43B9-86E5-BB35EFFC8311}.Debug|x86.Build.0 = Debug|Win32
		{3B8FEF14-6BCC-43B9-86E5-BB35EFFC8311}.Release|x64.ActiveCfg = Release|x64
		{3B8FEF14-6BCC-43B9-86E5-BB35EFFC8311}.Release|x64.Build.0 = Release|x64
		{3B8FEF14-6BCC-43B9-86E5-BB35EFFC8311}.Release|x86.ActiveCfg = Release|Win32
		{3B8FEF14-6BCC-43B9-86E5-BB35EFFC8311}.Release|x86.Build.0 = Release|Win32
		{94A6E768-C437-4827-9C9B-E4508D89C510}.Debug|x64.ActiveCfg = Debug|x64
		{94A6E768-C437-4827-9C9B-E4508D89C510}.Debug|x64.Build.0 = Debug|x64
		{94A6E768-C437-4827-9C9B-E4508D89C510}.Debug|x86.ActiveCfg = Debug|Win32
		{94A6E768-C437-4827-9C9B-E4508D89C510}.Debug|x86.Build.0 = Debug|Win32
		{94A6E768-C437-4827-9C9B-E4508D89C510}.Release|x64.ActiveCfg = Release|x64
		{94A6E768-C437-4827-9C9B-E4508D89C510}.Release|x64.Build.0 = Release|x64
		{94A6E768-C437-4827-9C9B-E4508D89C510}.Release|x86.ActiveCfg = Release|Win32
		{94A6E768-C437-4827-9C9B-E4508D89C510}.Release|x86.Build.0 = Release|Win32
		{D7F382BF-CD9D-441A-B4E3-0860B18B03A9}.Debug|x64.ActiveCfg = Debug|x64
		{D7F382BF-CD9D-441A-B4E3-0860B18B03A9}.Debug|x64.Build.0 = Debug|x64
		{D7F382BF-CD9D-441A-B4E3-0860B18B03A9}.Debug|x86.ActiveCfg = Debug|Win32
		{D7F382BF-CD9D-441A-B4E3-0860B18B03A9}.Debug|x86.Build.0 = Debug|Win32
		{D7F382BF-CD9D-441A-B4E3-0860B18B03A9}.Release|x64.ActiveCfg = Release|x64
		{D7F382BF-CD9D-441A-B4E3-0860B18B03A9}.Release|x64.Build.0 = Release|x64
		{D7F382BF-CD9D-441A-B4E3-0860B18B03A9}.Release|x86.ActiveCfg = Release|Win32
		{D7F382BF-CD9D-441A-B4E3-0860B18B03A9}.Release|x86.Build.0 = Release|Win32
		{8E31B6C1-7307-41C2-B598-4CD4880401A7}.Debug|x64.ActiveCfg = Debug|x64
		{8E31B6C1-7307-41C2-B598-4CD4880401A7}.Debug|x64.Build.0 = Debug|x64
		{8E31B6C1-7307-41C2-B598-4CD4880401A7}.Debug|x86.ActiveCfg = Debug|Win32
		{8E31B6C1-7307-41C2-B598-4CD4880401A7}.Debug|x86.Build.0 = Debug|Win32
		{8E31B6C1-7307-41C2-B598-4CD4880401A7}.Release|x64.ActiveCfg = Release|x64
		{8E31B6C1-7307-41C2-B598-4CD4880401A7}.Release|x64.Build.0 = Release|x64
		{8E31B6C1-7307-41C2-B598-4CD4880401A7}.Release|x86.ActiveCfg = Release|Win32
		{8E31B6C1-7307-41C2-B598-4CD4880401A7}.Release|x86.Build.0 = Release|Win32
		{6A639518-6BD5-42C8-9364-15CBBC80C155}.Debug|x64.ActiveCfg = Debug|x64
		{6A639518-6BD5-42C8-9364-15CBBC80C155}.Debug|x64.Build.0 = Debug|x64
		{6A639518-6BD5-42C8-9364-15CBBC80C155}.Debug|x86.ActiveCfg = Debug|Win32
		{6A639518-6BD5-42C8-9364-15CBBC80C155}.Debug|x86.Build.0 = Debug|Win32
		{6A639518-6BD5-42C8-9364-15CBBC80C155}.Release|x64.ActiveCfg = Release|x64
		{6A639518-6BD5-42C8-9364-15CBBC80C155}.Release|x64.Build.0 = Release|x64
		{6A639518-6BD5-42C8-9364-15CBBC80C155}.Release|x86.ActiveCfg = Release|Win32
		{6A639518-6BD5-42C8-9364-15CBBC80C155}.Release|x86.Build.0 = Release|Win32
		{DE2681BE-A5E9-46DE-ADE2-4EC75B2F700A}.Debug|x64.ActiveCfg = Debug|x64
		{DE2681BE-A5E9-46DE-ADE2-4EC75B2F700A}.Debug|x64.Build.0 = Debug|x64
		{DE2681BE-A5E9-46DE-ADE2-4EC75B2F700A}.Debug|x86.ActiveCfg = Debug|Win32
		{DE2681BE-A5E9-46DE-ADE2-4EC75B2F700A}.Debug|x86.Build.0 = Debug|Win32
		{DE2681BE-A5E9-46DE-ADE2-4EC75B2F700A}.Release|x64.ActiveCfg = Release|x64
		{DE2681BE-A5E9-46DE-ADE2-4EC75B2F700A}.Release|x64.Build.0 = Release|x64
		{DE2681BE-A5E9-46DE-ADE2-4EC75B2F700A}.Release|x86.ActiveCfg = Release|Win32
		{DE2681BE-A5E9-46DE-ADE2-4EC75B2F700A}.Release|x86.Build.0 = Release|Win32
		{A4CFEBD6-2D49-47EE-A9A6-FF5E7BA0D849}.Debug|x64.ActiveCfg = Debug|x64
		{A4CFEBD6-2D49-47EE-A9A6-FF5E7BA0D849}.Debug|x64.Build.0 = Debug|x64
		{A4CFEBD6-2D49-47EE-A9A6-FF5E7BA0D849}.Debug|x86.ActiveCfg = Debug|Win32
		{A4CFEBD6-2D49-47EE-A9A6-FF5E7BA0D849}.Debug|x86.Build.0 = Debug|Win32
		{A4CFEBD6-2D49-47EE-A9A6-FF5E7BA0D849}.Release|x64.ActiveCfg = Release|x64
		{A4CFEBD6-2D49-47EE-A9A6-FF5E7BA0D849}.Release|x64.Build.0 = Release|x64
		{A4CFEBD6-2D49-47EE-A9A6-FF5E7BA0D849}.Release|x86.ActiveCfg = Release|Win32
		{A4CFEBD6-2D49-47EE-A9A6-FF5E7BA0D849}.Release|x86.Build.0 = Release|Win32
		{A3020F73-3697-443B-A738-6EB4D361D807}.Debug|x64.ActiveCfg = Debug|x64
		{A3020F73-3697-443B-A738-6EB4D361D807}.Debug|x64.Build.0 = Debug|x64
		{A3020F73-3697-443B-A738-6EB4D361D807}.Debug|x86.ActiveCfg = Debug|Win32
		{A3020F73-3697-443B-A738-6EB4D361D807}.Debug|x86.Build.0 = Debug|Win32
		{A3020F73-3697-443B-A738-6EB4D361D807}.Release|x64.ActiveCfg = Release|x64
		{A3020F73-3697-443B-A738-6EB4D361D807}.Release|x64.Build.0 = Release|x64
		{A3020F73-3697-443B-A738-6EB4D361D807}.Release|x86.ActiveCfg = Release|Win32
		{A3020F73-3697-443B-A738-6EB4D361D807}.Release|x86.Build.0 = Release|Win32
		{0F4BC9DC-C314-4964-B3D0-7E2C71062C65}.Debug|x64.ActiveCfg = Debug|x64
		{0F4BC9DC-C314-4964-B3D0-7E2C71062C65}.Debug|x64.Build.0 = Debug|x64
		{0F4BC9DC-C314-4964-B3D0-7E2C71062C65}.Debug|x86.ActiveCfg = Debug|Win32
		{0F4BC9DC-C314-4964-B3D0-7E2C71062C65}.Debug|x86.Build.0 = Debug|Win32
		{0F4BC9DC-C314-4964-B3D0-7E2C71062C65}.Release|x64.ActiveCfg = Release|x64
		{0F4BC9DC-C314-4964-B3D0-7E2C71062C65}.Release|x64.Build.0 = Release|x64
		{0F4BC9DC-C314-4964-B3D0-7E2C71062C65}.Release|x86.ActiveCfg = Release|Win32
		{0F4BC9DC-C314-4964-B3D0-7E2C71062C65}.Release|x86.Build.0 = Release|Win32
		{C5023992-6D3C-4510-8251-63C0FDE312A0}.Debug|x64.ActiveCfg = Debug|x64
		{C5023992-6D3C-4510-8251-63C0FDE312A0}.Debug|x64.Build.0 = Debug|x64
		{C5023992-6D3C-4510-8251-63C0FDE312A0}.Debug|x86.ActiveCfg = Debug|Win32
		{C5023992-6D3C-4510-8251-63C0FDE312A0}.Debug|x86.Build.0 = Debug|Win32
		{C5023992-6D3C-4510-8251-63C0FDE312A0}.Release|x64.ActiveCfg = Release|x64
		{C5023992-6D3C-4510-8251-63C0FDE312A0}.Release|x64.Build.0 = Release|x64
		{C5023992-6D3C-4510-8251-63C0FDE312A0}.Release|x86.ActiveCfg = Release|Win32
		{C5023992-6D3C-4510-8251-63C0FDE312A0}.Release|x86.Build.0 = Release|Win32
		{D8607D6C-57FD-4110-ABB5-F2330DA5076E}.Debug|x64.ActiveCfg = Debug|x64
		{D8607D6C-57FD-4110-ABB5-F2330DA5076E}.Debug|x64.Build.0 = Debug|x64
		{D8607D6C-57FD-4110-ABB5-F2330DA5076E}.Debug|x86.ActiveCfg = Debug|Win32
		{D8607D6C-57FD-4110-ABB5-F2330DA5076E}.Debug|x86.Build.0 = Debug|Win32
		{D8607D6C-57FD-4110-ABB5-F2330DA5076E}.Release|x64.ActiveCfg = Release|x64
		{D8607D6C-57FD-4110-ABB5-F2330DA5076E}.Release|x64.Build.0 = Release|x64
		{D8607D6C-57FD-4110-ABB5-F2330DA5076E}.Release|x86.ActiveCfg = Release|Win32
		{D8607D6C-57FD-4110-ABB5-F2330DA5076E}.Release|x86.Build.0 = Release|Win32
		{4611D900-6914-4B79-97D0-245C16A9E16E}.Debug|x64.ActiveCfg = Debug|x64
		{4611D900-6914-4B79-97D0-245C16A9E16E}.Debug|x64.Build.0 = Debug|x64
		{4611D900-6914-4B79-97D0-245C16A9E16E}.Debug|x86.ActiveCfg = Debug|Win32
		{4611D900-6914-4B79-97D0-245C16A9E16E}.Debug|x86.Build.0 = Debug|Win32
		{4611D900-6914-4B79-97D0-245C16A9E16E}.Release|x64.ActiveCfg = Release|x64
		{4611D900-6914-4B79-97D0-245C16A9E16E}.Release|x64.Build.0 = Release|x64
		{4611D900-6914-4B79-97D0-245C16A9E16E}.Release|x86.ActiveCfg = Release|Win32
		{4611D900-6914-4B79-97D0-245C16A9E16E}.Release|x86.Build.0 = Release|Win32
		{D31E7F9A-76EA-4952-8A34-02E79E516834}.Debug|x64.ActiveCfg = Debug|x64
		{D31E7F9A-76EA-4952-8A34-02E79E516834}.Debug|x64.Build.0 = Debug|x64
		{D31E7F9A-76EA-4952-8A34-02E79E516834}.Debug|x86.ActiveCfg = Debug|Win32
		{D31E7F9A-76EA-4952-8A34-02E79E516834}.Debug|x86.Build.0 = Debug|Win32
		{D31E7F9A-76EA-4952-8A34-02E79E516834}.Release|x64.ActiveCfg = Release|x64
		{D31E7F9A-76EA-4952-8A34-02E79E516834}.Release|x64.Build.0 = Release|x64
		{D31E7F9A-76EA-4952-8A34-02E79E516834}.Release|x86.ActiveCfg = Release|Win32
		{D31E7F9A-76EA-4952-8A34-02E79E516834}.Release|x86.Build.0 = Release|Win32
		{60B0CB3E-4A3D-4123-BD77-376994D5081E}.Debug|x64.ActiveCfg = Debug|x64
		{60B0CB3E-4A3D-4123-BD77-376994D5081E}.Debug|x64.Build.0 = Debug|x64
		{60B0CB3E-4A3D-4123-BD77-376994D5081E}.Debug|x86.ActiveCfg = Debug|Win32
		{60B0CB3E-4A3D-4123-BD77-376994D5081E}.Debug|x86.Build.0 = Debug|Win32
		{60B0CB3E-4A3D-4123-BD77-376994D5081E}.Release|x64.ActiveCfg = Release|x64
		{60B0CB3E-4A3D-4123-BD77-376994D5081E}.Release|x64.Build.0 = Release|x64
		{60B0CB3E-4A3D-4123-BD77-376994D5081E}.Release|x86.ActiveCfg = Release|Win32
		{60B0CB3E-4A3D-4123-BD77-376994D5081E}.Release|x86.Build.0 = Release|Win32
		{4F6EE9D7-32A2-4C82-8C4D-343442892604}.Debug|x64.ActiveCfg = Debug|x64
		{4F6EE9D7-32A2-4C82-8C4D-343442892604}.Debug|x64.Build.0 = Debug|x64
		{4F6EE9D7-32A2-4C82-8C4D-343442892604}.Debug|x86.ActiveCfg = Debug|Win32
		{4F6EE9D7-32A2-4C82-8C4D-343442892604}.Debug|x86.Build.0 = Debug|Win32
		{4F6EE9D7-32A2-4C82-8C4D-343442892604}.Release|x64.ActiveCfg = Release|x64
		{4F6EE9D7-32A2-4C82-8C4D-343442892604}.Release|x64.Build.0 = Release|x64
		{4F6EE9D7-32A2-4C82-8C4D-343442892604}.Release|x86.ActiveCfg = Release|Win32
		{4F6EE9D7-32A2-4C82-8C4D-343442892604}.Release|x86.Build.0 = Release|Win32
		{7097667F-EAB9-4D26-A8AB-C5045E7D6247}.Debug|x64.ActiveCfg = Debug|x64
		{7097667F-EAB9-4D26-A8AB-C5045E7D6247}.Debug|x64.Build.0 = Debug|x64
		{7097667F-EAB9-4D26-A8AB-C5045E7D6247}.Debug|x86.ActiveCfg = Debug|Win32
		{7097667F-EAB9-4D26-A8AB-C5045E7D6247}.Debug|x86.Build.0 = Debug|Win32
		{7097667F-EAB9-4D26-A8AB-C5045E7D6247}.Release|x64.ActiveCfg = Release|x64
		{7097667F-EAB9-4D26-A8AB-C5045E7D6247}.Release|x64.Build.0 = Release|x64
		{7097667F-EAB9-4D26-A8AB-C5045E7D6247}.Release|x86.ActiveCfg = Release|Win32
		{7097667F-EAB9-4D26-A8AB-C5045E7D6247}.Release|x86.Build.0 = Release|Win32
		{087ACF6A-0AF1-4C23-BEB5-6B7727A6CC99}.Debug|x64.ActiveCfg = Debug|x64
		{087ACF6A-0AF1-4C23-BEB5-6B7727A6CC99}.Debug|x64.Build.0 = Debug|x64
		{087ACF6A-0AF1-4C23-BEB5-6B7727A6CC99}.Debug|x86.ActiveCfg = Debug|Win32
		{087ACF6A-0AF1-4C23-BEB5-6B7727A6CC99}.Debug|x86.Build.0 = Debug|Win32
		{087ACF6A-0AF1-4C23-BEB5-6B7727A6CC99}.Release|x64.ActiveCfg = Release|x64
		{087ACF6A-0AF1-4C23-BEB5-6B7727A6CC99}.Release|x64.Build.0 = Release|x64
		{087ACF6A-0AF1-4C23-BEB5-6B7727A6CC99}.Release|x86.ActiveCfg = Release|Win32
		{087ACF6A-0AF1-4C23-BEB5-6B7727A6CC99}.Release|x86.Build.0 = Release|Win32
		{11140D17-ADF4-431A-8BBC-0741D9021983}.Debug|x64.ActiveCfg = Debug|x64
		{11140D17-ADF4-431A-8BBC-0741D9021983}.Debug|x64.Build.0 = Debug|x64
		{11140D17-ADF4-431A-8BBC-0741D9021983}.Debug|x86.ActiveCfg = Debug|Win32
		{11140D17-ADF4-431A-8BBC-0741D9021983}.Debug|x86.Build.0 = Debug|Win32
		{11140D17-ADF4-431A-8BBC-0741D9021983}.Release|x64.ActiveCfg = Release|x64
		{11140D17-ADF4-431A-8BBC-0741D9021983}.Release|x64.Build.0 = Release|x64
		{11140D17-ADF4-431A-8BBC-0741D9021983}.Release|x86.ActiveCfg = Release|Win32
		{11140D17-ADF4-431A-8BBC-0741D9021983}.Release|x86.Build.0 = Release|Win32
	EndGlobalSection
	GlobalSection(SolutionProperties) = preSolution
		HideSolutionNode = FALSE
	EndGlobalSection
	GlobalSection(NestedProjects) = preSolution
		{3B8FEF14-6BCC-43B9-86E5-BB35EFFC8311} = {B4AD416F-6870-49AA-84F9-8B3DA5DB1844}
		{94A6E768-C437-4827-9C9B-E4508D89C510} = {B4AD416F-6870-49AA-84F9-8B3DA5DB1844}
		{D7F382BF-CD9D-441A-B4E3-0860B18B03A9} = {2F19F46F-FE4B-4F28-914B-7BA9E1AFB048}
		{8E31B6C1-7307-41C2-B598-4CD4880401A7} = {2F19F46F-FE4B-4F28-914B-7BA9E1AFB048}
		{6A639518-6BD5-42C8-9364-15CBBC80C155} = {5D4DD241-5757-4076-9355-5E9485F38C5A}
		{DE2681BE-A5E9-46DE-ADE2-4EC75B2F700A} = {5D4DD241-5757-4076-9355-5E9485F38C5A}
		{A4CFEBD6-2D49-47EE-A9A6-FF5E7BA0D849} = {5D4DD241-5757-4076-9355-5E9485F38C5A}
		{A3020F73-3697-443B-A738-6EB4D361D807} = {0E0689CF-1D6D-4665-9DEE-462C0F35819F}
		{0F4BC9DC-C314-4964-B3D0-7E2C71062C65} = {0E0689CF-1D6D-4665-9DEE-462C0F35819F}
		{C5023992-6D3C-4510-8251-63C0FDE312A0} = {CFB6988F-0939-40C9-ADFE-214460F3EBA0}
		{D8607D6C-57FD-4110-ABB5-F2330DA5076E} = {CFB6988F-0939-40C9-ADFE-214460F3EBA0}
		{4611D900-6914-4B79-97D0-245C16A9E16E} = {3ADBB5B0-9D90-46F2-B388-53A77CDD1063}
		{D31E7F9A-76EA-4952-8A34-02E79E516834} = {2A9047ED-3867-4D0C-BE9D-F42B97E003BF}
		{60B0CB3E-4A3D-4123-BD77-376994D5081E} = {2A9047ED-3867-4D0C-BE9D-F42B97E003BF}
		{4F6EE9D7-32A2-4C82-8C4D-343442892604} = {9EF45BBA-7376-4756-9BAC-2D2CCE90B05A}
		{7097667F-EAB9-4D26-A8AB-C5045E7D6247} = {9EF45BBA-7376-4756-9BAC-2D2CCE90B05A}
		{087ACF6A-0AF1-4C23-BEB5-6B7727A6CC99} = {3C86B502-7677-45F6-A3A0-D12AC11C0485}
		{11140D17-ADF4-431A-8BBC-0741D9021983} = {3C86B502-7677-45F6-A3A0-D12AC11C0485}
	EndGlobalSection
	GlobalSection(ExtensibilityGlobals) = postSolution
		SolutionGuid = {2D2601FE-2599-4CBD-B1DB-7D4149734CAA}
	EndGlobalSection
EndGlobal
