
Microsoft Visual Studio Solution File, Format Version 12.00
# Visual Studio Version 16
VisualStudioVersion = 16.0.29709.97
MinimumVisualStudioVersion = 10.0.40219.1
Project("{2150E333-8FDC-42A3-9474-1A3956D46DE8}") = "Ch01", "Ch01", "{B4AD416F-6870-49AA-84F9-8B3DA5DB1844}"
EndProject
Project("{8BC9CEB8-8B4A-11D0-8D11-00A0C91BC942}") = "FirstApp", "FirstApp\FirstApp.vcxproj", "{3B8FEF14-6BCC-43B9-86E5-BB35EFFC8311}"
EndProject
Project("{8BC9CEB8-8B4A-11D0-8D11-00A0C91BC942}") = "TemplateTest", "TemplateTest\TemplateTest.vcxproj", "{94A6E768-C437-4827-9C9B-E4508D89C510}"
EndProject
Project("{2150E333-8FDC-42A3-9474-1A3956D46DE8}") = "Ch03", "Ch03", "{2F19F46F-FE4B-4F28-914B-7BA9E1AFB048}"
EndProject
Project("{8BC9CEB8-8B4A-11D0-8D11-00A0C91BC942}") = "VarTest1", "VarTest1\VarTest1.vcxproj", "{D7F382BF-CD9D-441A-B4E3-0860B18B03A9}"
EndProject
Project("{8BC9CEB8-8B4A-11D0-8D11-00A0C91BC942}") = "StringTest", "StringTest\StringTest.vcxproj", "{8E31B6C1-7307-41C2-B598-4CD4880401A7}"
EndProject
Project("{2150E333-8FDC-42A3-9474-1A3956D46DE8}") = "Ch04", "Ch04", "{5D4DD241-5757-4076-9355-5E9485F38C5A}"
EndProject
Project("{8BC9CEB8-8B4A-11D0-8D11-00A0C91BC942}") = "DivideTEst", "DivideTEst\DivideTEst.vcxproj", "{6A639518-6BD5-42C8-9364-15CBBC80C155}"
EndProject
Project("{8BC9CEB8-8B4A-11D0-8D11-00A0C91BC942}") = "CastTest", "CastTest\CastTest.vcxproj", "{DE2681BE-A5E9-46DE-ADE2-4EC75B2F700A}"
EndProject
Project("{8BC9CEB8-8B4A-11D0-8D11-00A0C91BC942}") = "optestapp", "optestapp\optestapp.vcxproj", "{A4CFEBD6-2D49-47EE-A9A6-FF5E7BA0D849}"
EndProject
Project("{2150E333-8FDC-42A3-9474-1A3956D46DE8}") = "Ch05", "Ch05", "{0E0689CF-1D6D-4665-9DEE-462C0F35819F}"
EndProject
Project("{8BC9CEB8-8B4A-11D0-8D11-00A0C91BC942}") = "IfTestApp", "IfTestApp\IfTestApp.vcxproj", "{A3020F73-3697-443B-A738-6EB4D361D807}"
EndProject
Project("{8BC9CEB8-8B4A-11D0-8D11-00A0C91BC942}") = "SwitchTestApp", "SwitchTestApp\SwitchTestApp.vcxproj", "{0F4BC9DC-C314-4964-B3D0-7E2C71062C65}"
EndProject
Project("{2150E333-8FDC-42A3-9474-1A3956D46DE8}") = "Ch06", "Ch06", "{CFB6988F-0939-40C9-ADFE-214460F3EBA0}"
EndProject
Project("{8BC9CEB8-8B4A-11D0-8D11-00A0C91BC942}") = "WhileTestApp", "WhileTestApp\WhileTestApp.vcxproj", "{C5023992-6D3C-4510-8251-63C0FDE312A0}"
EndProject
Project("{8BC9CEB8-8B4A-11D0-8D11-00A0C91BC942}") = "ForTestApp", "ForTestApp\ForTestApp.vcxproj", "{D8607D6C-57FD-4110-ABB5-F2330DA5076E}"
EndProject
Project("{2150E333-8FDC-42A3-9474-1A3956D46DE8}") = "Ch07", "Ch07", "{3ADBB5B0-9D90-46F2-B388-53A77CDD1063}"
EndProject
Project("{8BC9CEB8-8B4A-11D0-8D11-00A0C91BC942}") = "FuncTestApp", "FuncTestApp\FuncTestApp.vcxproj", "{4611D900-6914-4B79-97D0-245C16A9E16E}"
EndProject
Project("{2150E333-8FDC-42A3-9474-1A3956D46DE8}") = "Ch08", "Ch08", "{2A9047ED-3867-4D0C-BE9D-F42B97E003BF}"
EndProject
Project("{8BC9CEB8-8B4A-11D0-8D11-00A0C91BC942}") = "ArrayTestApp", "ArrayTestApp\ArrayTestApp.vcxproj", "{D31E7F9A-76EA-4952-8A34-02E79E516834}"
EndProject
Project("{8BC9CEB8-8B4A-11D0-8D11-00A0C91BC942}") = "StringTestApp", "StringTestApp\StringTestApp.vcxproj", "{60B0CB3E-4A3D-4123-BD77-376994D5081E}"
EndProject
Project("{2150E333-8FDC-42A3-9474-1A3956D46DE8}") = "Ch09", "Ch09", "{9EF45BBA-7376-4756-9BAC-2D2CCE90B05A}"
EndProject
Project("{8BC9CEB8-8B4A-11D0-8D11-00A0C91BC942}") = "PointerTestApp", "PointerTestApp\PointerTestApp.vcxproj", "{4F6EE9D7-32A2-4C82-8C4D-343442892604}"
EndProject
Project("{8BC9CEB8-8B4A-11D0-8D11-00A0C91BC942}") = "SwapTestApp", "SwapTestApp\SwapTestApp.vcxproj", "{7097667F-EAB9-4D26-A8AB-C5045E7D6247}"
EndProject
Project("{2150E333-8FDC-42A3-9474-1A3956D46DE8}") = "Ch10", "Ch10", "{3C86B502-7677-45F6-A3A0-D12AC11C0485}"
EndProject
Project("{8BC9CEB8-8B4A-11D0-8D11-00A0C91BC942}") = "ArrPtrTestApp", "ArrPtrTestApp\ArrPtrTestApp.vcxproj", "{087ACF6A-0AF1-4C23-BEB5-6B7727A6CC99}"
EndProject
Project("{8BC9CEB8-8B4A-11D0-8D11-00A0C91BC942}") = "FindMaxApp", "FindMaxApp\FindMaxApp.vcxproj", "{11140D17-ADF4-431A-8BBC-0741D9021983}"
EndProject
Project("{2150E333-8FDC-42A3-9474-1A3956D46DE8}") = "Ch11", "Ch11", "{70BA627D-B691-40F3-A808-6827188CF1D6}"
EndProject
Project("{8BC9CEB8-8B4A-11D0-8D11-00A0C91BC942}") = "CharTestApp", "CharTestApp\CharTestApp.vcxproj", "{A736A5FC-DE1B-4F74-88CD-82E008D4CCF5}"
EndProject
Project("{2150E333-8FDC-42A3-9474-1A3956D46DE8}") = "Ch12", "Ch12", "{548780B9-C47B-438A-A4BD-1076665C9855}"
EndProject
Project("{8BC9CEB8-8B4A-11D0-8D11-00A0C91BC942}") = "StrTestApp", "StrTestApp\StrTestApp.vcxproj", "{60B40913-3BF6-4C41-9F68-D1E36528000E}"
EndProject
Project("{2150E333-8FDC-42A3-9474-1A3956D46DE8}") = "Ch13", "Ch13", "{3E19BCA8-F96C-4C1A-B859-D0864DD38612}"
EndProject
Project("{8BC9CEB8-8B4A-11D0-8D11-00A0C91BC942}") = "VarTEstApp", "VarTEstApp\VarTEstApp.vcxproj", "{1B84123A-7539-4D06-8ACF-BAC527D5457A}"
EndProject
Project("{8BC9CEB8-8B4A-11D0-8D11-00A0C91BC942}") = "StaticValTestApp", "StaticValTestApp\StaticValTestApp.vcxproj", "{462519F9-F402-4DFF-A856-C7BEF095A8BF}"
EndProject
Project("{2150E333-8FDC-42A3-9474-1A3956D46DE8}") = "Ch14", "Ch14", "{E9111EE2-B87A-480C-901A-1B868CE3AFAB}"
EndProject
Project("{8BC9CEB8-8B4A-11D0-8D11-00A0C91BC942}") = "SArryTestApp", "SArryTestApp\SArryTestApp.vcxproj", "{31BC00D2-A83D-4FB3-9F96-591A998D0932}"
EndProject
Project("{8BC9CEB8-8B4A-11D0-8D11-00A0C91BC942}") = "ThirdArrApp", "CTempRebuild2\CTempRebuild2.vcxproj", "{D39658B2-E1F6-412E-B410-E3F5908C32AF}"
EndProject
Project("{8BC9CEB8-8B4A-11D0-8D11-00A0C91BC942}") = "StringPtrApp", "StringPtrApp\StringPtrApp.vcxproj", "{01FB767B-6362-451E-863A-85CE8B9FE62B}"
EndProject
Project("{2150E333-8FDC-42A3-9474-1A3956D46DE8}") = "Ch15", "Ch15", "{D2C6804D-D47A-4DA5-9CCE-C23AC2770495}"
EndProject
Project("{8BC9CEB8-8B4A-11D0-8D11-00A0C91BC942}") = "CTempRebuild3", "CTempRebuild3\CTempRebuild3.vcxproj", "{B7283D67-9AA3-4EE6-A0DD-DC8EE5BC10E2}"
EndProject
Project("{8BC9CEB8-8B4A-11D0-8D11-00A0C91BC942}") = "PtrSwapApp", "PtrSwapApp\PtrSwapApp.vcxproj", "{DD8B389D-F6DB-49D5-AD11-7A91EEAE3FA8}"
EndProject
Project("{2150E333-8FDC-42A3-9474-1A3956D46DE8}") = "Ch16", "Ch16", "{B443B711-1190-4210-B256-CAF8381CF9CB}"
EndProject
Project("{8BC9CEB8-8B4A-11D0-8D11-00A0C91BC942}") = "DynamicMemApp", "CTempRebuild4\CTempRebuild4.vcxproj", "{4B6F61CE-DCD8-4BEE-9814-9BBA70E0F025}"
EndProject
Project("{8BC9CEB8-8B4A-11D0-8D11-00A0C91BC942}") = "DynamicStrApp", "CTempRebuild5\CTempRebuild5.vcxproj", "{A037F256-5C87-4C20-8797-66D9EE25158F}"
EndProject
Project("{8BC9CEB8-8B4A-11D0-8D11-00A0C91BC942}") = "MainArgApp", "CTempRebuild6\CTempRebuild6.vcxproj", "{55F2CE44-B163-4BC0-8295-7B49FB25C9FB}"
EndProject
Project("{2150E333-8FDC-42A3-9474-1A3956D46DE8}") = "Ch17", "Ch17", "{48B62D1D-B34B-46CA-8F8B-22BC7A78F625}"
EndProject
Project("{8BC9CEB8-8B4A-11D0-8D11-00A0C91BC942}") = "StruckTest", "CTempRebuild7\CTempRebuild7.vcxproj", "{F0E3B08D-FEA1-458A-B4A0-327867EFF180}"
EndProject
Project("{8BC9CEB8-8B4A-11D0-8D11-00A0C91BC942}") = "Vision App", "Vision App\Vision App.vcxproj", "{5C82EDDE-77A6-4E20-AFF0-848733399CE4}"
EndProject
Project("{8BC9CEB8-8B4A-11D0-8D11-00A0C91BC942}") = "StructPtrApp", "StructPtrApp\StructPtrApp.vcxproj", "{45ABFCEC-8505-4A72-A388-BED7C2082D49}"
EndProject
Project("{8BC9CEB8-8B4A-11D0-8D11-00A0C91BC942}") = "LinkedListApp", "CTempRebuild8\CTempRebuild8.vcxproj", "{3ACC4BD6-F7FB-49E9-9694-38852CEB4C10}"
EndProject
Project("{8BC9CEB8-8B4A-11D0-8D11-00A0C91BC942}") = "UnionApp", "UnionApp\UnionApp.vcxproj", "{75EE0C9E-9B12-417E-B179-2E658CC1D3EF}"
EndProject
Project("{2150E333-8FDC-42A3-9474-1A3956D46DE8}") = "Ch18", "Ch18", "{6E24CC03-20F4-4710-9E8C-B372F7529E83}"
EndProject
Project("{8BC9CEB8-8B4A-11D0-8D11-00A0C91BC942}") = "FileTestApp", "FileTestApp\FileTestApp.vcxproj", "{8A7A1168-B18C-4423-AE10-0249BAFA0FC3}"
EndProject
Project("{8BC9CEB8-8B4A-11D0-8D11-00A0C91BC942}") = "FileCopyApp", "FileCopyApp\FileCopyApp.vcxproj", "{B6DE652A-F6FB-4CBE-8D75-B55D2E559812}"
EndProject
Project("{2150E333-8FDC-42A3-9474-1A3956D46DE8}") = "Ch19", "Ch19", "{D172C591-9157-4EC3-A563-C2FDE61EEA93}"
EndProject
Project("{8BC9CEB8-8B4A-11D0-8D11-00A0C91BC942}") = "StandardApp", "StandardApp]\StandardApp].vcxproj", "{7378D260-F060-4F5B-B657-575E9AEA4D49}"
EndProject
Project("{8BC9CEB8-8B4A-11D0-8D11-00A0C91BC942}") = "Macro App", "CTempRebuild9\CTempRebuild9.vcxproj", "{C66D6A79-1FA6-4887-8CE3-470B19AE37DD}"
EndProject
Project("{8BC9CEB8-8B4A-11D0-8D11-00A0C91BC942}") = "Main.C", "Main.C\Main.C.vcxproj", "{490ABCA9-9A06-4861-8FBA-95185AD1D905}"
EndProject
Project("{8BC9CEB8-8B4A-11D0-8D11-00A0C91BC942}") = "ExternStaticApp", "ExternStaticApp\ExternStaticApp.vcxproj", "{3E73E79D-9AA3-4D3E-84ED-4D5D0CAD57EF}"
EndProject
Project("{8BC9CEB8-8B4A-11D0-8D11-00A0C91BC942}") = "DupTestApp", "DupTestApp\DupTestApp.vcxproj", "{5254D759-A2D4-4770-947E-3CD1755C5259}"
EndProject
Project("{2150E333-8FDC-42A3-9474-1A3956D46DE8}") = "ADD", "ADD", "{FC7B0137-1FE6-40F7-B681-82B2443F7DA8}"
EndProject
Project("{8BC9CEB8-8B4A-11D0-8D11-00A0C91BC942}") = "SelectSortApp", "SelectSortApp\SelectSortApp.vcxproj", "{19BB2424-2D97-4DCD-8FA4-E1481F2DD0EA}"
EndProject
Project("{2150E333-8FDC-42A3-9474-1A3956D46DE8}") = "Ch20", "Ch20", "{47FB492E-8710-4B6E-9F3C-F21D1E7D7539}"
EndProject
Project("{8BC9CEB8-8B4A-11D0-8D11-00A0C91BC942}") = "CMathLib", "StaticLib1\StaticLib1.vcxproj", "{CA3AD802-F25D-472D-B340-9309E2F46788}"
EndProject
Project("{8BC9CEB8-8B4A-11D0-8D11-00A0C91BC942}") = "UsingStaticLibApp", "UsingStaticLibApp\UsingStaticLibApp.vcxproj", "{ADC7C3E5-3F06-4D78-B4B4-C427D2C3E0F5}"
EndProject
Project("{8BC9CEB8-8B4A-11D0-8D11-00A0C91BC942}") = "MyMathLib", "MyMathLib\MyMathLib.vcxproj", "{085921FE-0B75-42C6-8663-280D10C26E95}"
EndProject
Project("{8BC9CEB8-8B4A-11D0-8D11-00A0C91BC942}") = "UsingDynLibApp", "UsingDynLibApp\UsingDynLibApp.vcxproj", "{50E79695-45BD-4953-8CB6-8E3E526B0B73}"
EndProject
Project("{8BC9CEB8-8B4A-11D0-8D11-00A0C91BC942}") = "MySqlTestApp", "MySqlTestApp\MySqlTestApp.vcxproj", "{0987AFA1-A64C-482B-8A51-1B1DDD369585}"
EndProject
Project("{2150E333-8FDC-42A3-9474-1A3956D46DE8}") = "Ch21", "Ch21", "{C300C99A-38B1-4146-BB75-699B0429D684}"
EndProject
Project("{8BC9CEB8-8B4A-11D0-8D11-00A0C91BC942}") = "JasonSimpleParser", "JasonSimpleParser\JasonSimpleParser.vcxproj", "{1C1A158B-8B01-4972-A6DC-D4454149B52F}"
EndProject
Project("{8BC9CEB8-8B4A-11D0-8D11-00A0C91BC942}") = "UsingParsonApp", "UsingParsonApp\UsingParsonApp.vcxproj", "{42868231-3E73-433F-9FC2-34F0760D39A8}"
EndProject
Project("{2150E333-8FDC-42A3-9474-1A3956D46DE8}") = "EX", "EX", "{3DD987E3-179D-44D8-BED5-8299992077C9}"
EndProject
Project("{8BC9CEB8-8B4A-11D0-8D11-00A0C91BC942}") = "1", "1\1.vcxproj", "{E36A818C-3158-4E4F-8DDD-6BC40626F8B8}"
EndProject
Project("{8BC9CEB8-8B4A-11D0-8D11-00A0C91BC942}") = "2", "2\2.vcxproj", "{E27A3E20-C5AE-48B5-8BBC-796020CB4A1A}"
EndProject
Project("{8BC9CEB8-8B4A-11D0-8D11-00A0C91BC942}") = "3", "3\3.vcxproj", "{E55ACD1E-541E-4E89-8713-DF5232426C4D}"
EndProject
Project("{8BC9CEB8-8B4A-11D0-8D11-00A0C91BC942}") = "4", "4\4.vcxproj", "{B7664284-2F99-4C59-9918-4CBC66009E2C}"
EndProject
Global
	GlobalSection(SolutionConfigurationPlatforms) = preSolution
		Debug|x64 = Debug|x64
		Debug|x86 = Debug|x86
		Release|x64 = Release|x64
		Release|x86 = Release|x86
	EndGlobalSection
	GlobalSection(ProjectConfigurationPlatforms) = postSolution
		{3B8FEF14-6BCC-43B9-86E5-BB35EFFC8311}.Debug|x64.ActiveCfg = Debug|x64
		{3B8FEF14-6BCC-43B9-86E5-BB35EFFC8311}.Debug|x64.Build.0 = Debug|x64
		{3B8FEF14-6BCC-43B9-86E5-BB35EFFC8311}.Debug|x86.ActiveCfg = Debug|Win32
		{3B8FEF14-6BCC-43B9-86E5-BB35EFFC8311}.Debug|x86.Build.0 = Debug|Win32
		{3B8FEF14-6BCC-43B9-86E5-BB35EFFC8311}.Release|x64.ActiveCfg = Release|x64
		{3B8FEF14-6BCC-43B9-86E5-BB35EFFC8311}.Release|x64.Build.0 = Release|x64
		{3B8FEF14-6BCC-43B9-86E5-BB35EFFC8311}.Release|x86.ActiveCfg = Release|Win32
		{3B8FEF14-6BCC-43B9-86E5-BB35EFFC8311}.Release|x86.Build.0 = Release|Win32
		{94A6E768-C437-4827-9C9B-E4508D89C510}.Debug|x64.ActiveCfg = Debug|x64
		{94A6E768-C437-4827-9C9B-E4508D89C510}.Debug|x64.Build.0 = Debug|x64
		{94A6E768-C437-4827-9C9B-E4508D89C510}.Debug|x86.ActiveCfg = Debug|Win32
		{94A6E768-C437-4827-9C9B-E4508D89C510}.Debug|x86.Build.0 = Debug|Win32
		{94A6E768-C437-4827-9C9B-E4508D89C510}.Release|x64.ActiveCfg = Release|x64
		{94A6E768-C437-4827-9C9B-E4508D89C510}.Release|x64.Build.0 = Release|x64
		{94A6E768-C437-4827-9C9B-E4508D89C510}.Release|x86.ActiveCfg = Release|Win32
		{94A6E768-C437-4827-9C9B-E4508D89C510}.Release|x86.Build.0 = Release|Win32
		{D7F382BF-CD9D-441A-B4E3-0860B18B03A9}.Debug|x64.ActiveCfg = Debug|x64
		{D7F382BF-CD9D-441A-B4E3-0860B18B03A9}.Debug|x64.Build.0 = Debug|x64
		{D7F382BF-CD9D-441A-B4E3-0860B18B03A9}.Debug|x86.ActiveCfg = Debug|Win32
		{D7F382BF-CD9D-441A-B4E3-0860B18B03A9}.Debug|x86.Build.0 = Debug|Win32
		{D7F382BF-CD9D-441A-B4E3-0860B18B03A9}.Release|x64.ActiveCfg = Release|x64
		{D7F382BF-CD9D-441A-B4E3-0860B18B03A9}.Release|x64.Build.0 = Release|x64
		{D7F382BF-CD9D-441A-B4E3-0860B18B03A9}.Release|x86.ActiveCfg = Release|Win32
		{D7F382BF-CD9D-441A-B4E3-0860B18B03A9}.Release|x86.Build.0 = Release|Win32
		{8E31B6C1-7307-41C2-B598-4CD4880401A7}.Debug|x64.ActiveCfg = Debug|x64
		{8E31B6C1-7307-41C2-B598-4CD4880401A7}.Debug|x64.Build.0 = Debug|x64
		{8E31B6C1-7307-41C2-B598-4CD4880401A7}.Debug|x86.ActiveCfg = Debug|Win32
		{8E31B6C1-7307-41C2-B598-4CD4880401A7}.Debug|x86.Build.0 = Debug|Win32
		{8E31B6C1-7307-41C2-B598-4CD4880401A7}.Release|x64.ActiveCfg = Release|x64
		{8E31B6C1-7307-41C2-B598-4CD4880401A7}.Release|x64.Build.0 = Release|x64
		{8E31B6C1-7307-41C2-B598-4CD4880401A7}.Release|x86.ActiveCfg = Release|Win32
		{8E31B6C1-7307-41C2-B598-4CD4880401A7}.Release|x86.Build.0 = Release|Win32
		{6A639518-6BD5-42C8-9364-15CBBC80C155}.Debug|x64.ActiveCfg = Debug|x64
		{6A639518-6BD5-42C8-9364-15CBBC80C155}.Debug|x64.Build.0 = Debug|x64
		{6A639518-6BD5-42C8-9364-15CBBC80C155}.Debug|x86.ActiveCfg = Debug|Win32
		{6A639518-6BD5-42C8-9364-15CBBC80C155}.Debug|x86.Build.0 = Debug|Win32
		{6A639518-6BD5-42C8-9364-15CBBC80C155}.Release|x64.ActiveCfg = Release|x64
		{6A639518-6BD5-42C8-9364-15CBBC80C155}.Release|x64.Build.0 = Release|x64
		{6A639518-6BD5-42C8-9364-15CBBC80C155}.Release|x86.ActiveCfg = Release|Win32
		{6A639518-6BD5-42C8-9364-15CBBC80C155}.Release|x86.Build.0 = Release|Win32
		{DE2681BE-A5E9-46DE-ADE2-4EC75B2F700A}.Debug|x64.ActiveCfg = Debug|x64
		{DE2681BE-A5E9-46DE-ADE2-4EC75B2F700A}.Debug|x64.Build.0 = Debug|x64
		{DE2681BE-A5E9-46DE-ADE2-4EC75B2F700A}.Debug|x86.ActiveCfg = Debug|Win32
		{DE2681BE-A5E9-46DE-ADE2-4EC75B2F700A}.Debug|x86.Build.0 = Debug|Win32
		{DE2681BE-A5E9-46DE-ADE2-4EC75B2F700A}.Release|x64.ActiveCfg = Release|x64
		{DE2681BE-A5E9-46DE-ADE2-4EC75B2F700A}.Release|x64.Build.0 = Release|x64
		{DE2681BE-A5E9-46DE-ADE2-4EC75B2F700A}.Release|x86.ActiveCfg = Release|Win32
		{DE2681BE-A5E9-46DE-ADE2-4EC75B2F700A}.Release|x86.Build.0 = Release|Win32
		{A4CFEBD6-2D49-47EE-A9A6-FF5E7BA0D849}.Debug|x64.ActiveCfg = Debug|x64
		{A4CFEBD6-2D49-47EE-A9A6-FF5E7BA0D849}.Debug|x64.Build.0 = Debug|x64
		{A4CFEBD6-2D49-47EE-A9A6-FF5E7BA0D849}.Debug|x86.ActiveCfg = Debug|Win32
		{A4CFEBD6-2D49-47EE-A9A6-FF5E7BA0D849}.Debug|x86.Build.0 = Debug|Win32
		{A4CFEBD6-2D49-47EE-A9A6-FF5E7BA0D849}.Release|x64.ActiveCfg = Release|x64
		{A4CFEBD6-2D49-47EE-A9A6-FF5E7BA0D849}.Release|x64.Build.0 = Release|x64
		{A4CFEBD6-2D49-47EE-A9A6-FF5E7BA0D849}.Release|x86.ActiveCfg = Release|Win32
		{A4CFEBD6-2D49-47EE-A9A6-FF5E7BA0D849}.Release|x86.Build.0 = Release|Win32
		{A3020F73-3697-443B-A738-6EB4D361D807}.Debug|x64.ActiveCfg = Debug|x64
		{A3020F73-3697-443B-A738-6EB4D361D807}.Debug|x64.Build.0 = Debug|x64
		{A3020F73-3697-443B-A738-6EB4D361D807}.Debug|x86.ActiveCfg = Debug|Win32
		{A3020F73-3697-443B-A738-6EB4D361D807}.Debug|x86.Build.0 = Debug|Win32
		{A3020F73-3697-443B-A738-6EB4D361D807}.Release|x64.ActiveCfg = Release|x64
		{A3020F73-3697-443B-A738-6EB4D361D807}.Release|x64.Build.0 = Release|x64
		{A3020F73-3697-443B-A738-6EB4D361D807}.Release|x86.ActiveCfg = Release|Win32
		{A3020F73-3697-443B-A738-6EB4D361D807}.Release|x86.Build.0 = Release|Win32
		{0F4BC9DC-C314-4964-B3D0-7E2C71062C65}.Debug|x64.ActiveCfg = Debug|x64
		{0F4BC9DC-C314-4964-B3D0-7E2C71062C65}.Debug|x64.Build.0 = Debug|x64
		{0F4BC9DC-C314-4964-B3D0-7E2C71062C65}.Debug|x86.ActiveCfg = Debug|Win32
		{0F4BC9DC-C314-4964-B3D0-7E2C71062C65}.Debug|x86.Build.0 = Debug|Win32
		{0F4BC9DC-C314-4964-B3D0-7E2C71062C65}.Release|x64.ActiveCfg = Release|x64
		{0F4BC9DC-C314-4964-B3D0-7E2C71062C65}.Release|x64.Build.0 = Release|x64
		{0F4BC9DC-C314-4964-B3D0-7E2C71062C65}.Release|x86.ActiveCfg = Release|Win32
		{0F4BC9DC-C314-4964-B3D0-7E2C71062C65}.Release|x86.Build.0 = Release|Win32
		{C5023992-6D3C-4510-8251-63C0FDE312A0}.Debug|x64.ActiveCfg = Debug|x64
		{C5023992-6D3C-4510-8251-63C0FDE312A0}.Debug|x64.Build.0 = Debug|x64
		{C5023992-6D3C-4510-8251-63C0FDE312A0}.Debug|x86.ActiveCfg = Debug|Win32
		{C5023992-6D3C-4510-8251-63C0FDE312A0}.Debug|x86.Build.0 = Debug|Win32
		{C5023992-6D3C-4510-8251-63C0FDE312A0}.Release|x64.ActiveCfg = Release|x64
		{C5023992-6D3C-4510-8251-63C0FDE312A0}.Release|x64.Build.0 = Release|x64
		{C5023992-6D3C-4510-8251-63C0FDE312A0}.Release|x86.ActiveCfg = Release|Win32
		{C5023992-6D3C-4510-8251-63C0FDE312A0}.Release|x86.Build.0 = Release|Win32
		{D8607D6C-57FD-4110-ABB5-F2330DA5076E}.Debug|x64.ActiveCfg = Debug|x64
		{D8607D6C-57FD-4110-ABB5-F2330DA5076E}.Debug|x64.Build.0 = Debug|x64
		{D8607D6C-57FD-4110-ABB5-F2330DA5076E}.Debug|x86.ActiveCfg = Debug|Win32
		{D8607D6C-57FD-4110-ABB5-F2330DA5076E}.Debug|x86.Build.0 = Debug|Win32
		{D8607D6C-57FD-4110-ABB5-F2330DA5076E}.Release|x64.ActiveCfg = Release|x64
		{D8607D6C-57FD-4110-ABB5-F2330DA5076E}.Release|x64.Build.0 = Release|x64
		{D8607D6C-57FD-4110-ABB5-F2330DA5076E}.Release|x86.ActiveCfg = Release|Win32
		{D8607D6C-57FD-4110-ABB5-F2330DA5076E}.Release|x86.Build.0 = Release|Win32
		{4611D900-6914-4B79-97D0-245C16A9E16E}.Debug|x64.ActiveCfg = Debug|x64
		{4611D900-6914-4B79-97D0-245C16A9E16E}.Debug|x64.Build.0 = Debug|x64
		{4611D900-6914-4B79-97D0-245C16A9E16E}.Debug|x86.ActiveCfg = Debug|Win32
		{4611D900-6914-4B79-97D0-245C16A9E16E}.Debug|x86.Build.0 = Debug|Win32
		{4611D900-6914-4B79-97D0-245C16A9E16E}.Release|x64.ActiveCfg = Release|x64
		{4611D900-6914-4B79-97D0-245C16A9E16E}.Release|x64.Build.0 = Release|x64
		{4611D900-6914-4B79-97D0-245C16A9E16E}.Release|x86.ActiveCfg = Release|Win32
		{4611D900-6914-4B79-97D0-245C16A9E16E}.Release|x86.Build.0 = Release|Win32
		{D31E7F9A-76EA-4952-8A34-02E79E516834}.Debug|x64.ActiveCfg = Debug|x64
		{D31E7F9A-76EA-4952-8A34-02E79E516834}.Debug|x64.Build.0 = Debug|x64
		{D31E7F9A-76EA-4952-8A34-02E79E516834}.Debug|x86.ActiveCfg = Debug|Win32
		{D31E7F9A-76EA-4952-8A34-02E79E516834}.Debug|x86.Build.0 = Debug|Win32
		{D31E7F9A-76EA-4952-8A34-02E79E516834}.Release|x64.ActiveCfg = Release|x64
		{D31E7F9A-76EA-4952-8A34-02E79E516834}.Release|x64.Build.0 = Release|x64
		{D31E7F9A-76EA-4952-8A34-02E79E516834}.Release|x86.ActiveCfg = Release|Win32
		{D31E7F9A-76EA-4952-8A34-02E79E516834}.Release|x86.Build.0 = Release|Win32
		{60B0CB3E-4A3D-4123-BD77-376994D5081E}.Debug|x64.ActiveCfg = Debug|x64
		{60B0CB3E-4A3D-4123-BD77-376994D5081E}.Debug|x64.Build.0 = Debug|x64
		{60B0CB3E-4A3D-4123-BD77-376994D5081E}.Debug|x86.ActiveCfg = Debug|Win32
		{60B0CB3E-4A3D-4123-BD77-376994D5081E}.Debug|x86.Build.0 = Debug|Win32
		{60B0CB3E-4A3D-4123-BD77-376994D5081E}.Release|x64.ActiveCfg = Release|x64
		{60B0CB3E-4A3D-4123-BD77-376994D5081E}.Release|x64.Build.0 = Release|x64
		{60B0CB3E-4A3D-4123-BD77-376994D5081E}.Release|x86.ActiveCfg = Release|Win32
		{60B0CB3E-4A3D-4123-BD77-376994D5081E}.Release|x86.Build.0 = Release|Win32
		{4F6EE9D7-32A2-4C82-8C4D-343442892604}.Debug|x64.ActiveCfg = Debug|x64
		{4F6EE9D7-32A2-4C82-8C4D-343442892604}.Debug|x64.Build.0 = Debug|x64
		{4F6EE9D7-32A2-4C82-8C4D-343442892604}.Debug|x86.ActiveCfg = Debug|Win32
		{4F6EE9D7-32A2-4C82-8C4D-343442892604}.Debug|x86.Build.0 = Debug|Win32
		{4F6EE9D7-32A2-4C82-8C4D-343442892604}.Release|x64.ActiveCfg = Release|x64
		{4F6EE9D7-32A2-4C82-8C4D-343442892604}.Release|x64.Build.0 = Release|x64
		{4F6EE9D7-32A2-4C82-8C4D-343442892604}.Release|x86.ActiveCfg = Release|Win32
		{4F6EE9D7-32A2-4C82-8C4D-343442892604}.Release|x86.Build.0 = Release|Win32
		{7097667F-EAB9-4D26-A8AB-C5045E7D6247}.Debug|x64.ActiveCfg = Debug|x64
		{7097667F-EAB9-4D26-A8AB-C5045E7D6247}.Debug|x64.Build.0 = Debug|x64
		{7097667F-EAB9-4D26-A8AB-C5045E7D6247}.Debug|x86.ActiveCfg = Debug|Win32
		{7097667F-EAB9-4D26-A8AB-C5045E7D6247}.Debug|x86.Build.0 = Debug|Win32
		{7097667F-EAB9-4D26-A8AB-C5045E7D6247}.Release|x64.ActiveCfg = Release|x64
		{7097667F-EAB9-4D26-A8AB-C5045E7D6247}.Release|x64.Build.0 = Release|x64
		{7097667F-EAB9-4D26-A8AB-C5045E7D6247}.Release|x86.ActiveCfg = Release|Win32
		{7097667F-EAB9-4D26-A8AB-C5045E7D6247}.Release|x86.Build.0 = Release|Win32
		{087ACF6A-0AF1-4C23-BEB5-6B7727A6CC99}.Debug|x64.ActiveCfg = Debug|x64
		{087ACF6A-0AF1-4C23-BEB5-6B7727A6CC99}.Debug|x64.Build.0 = Debug|x64
		{087ACF6A-0AF1-4C23-BEB5-6B7727A6CC99}.Debug|x86.ActiveCfg = Debug|Win32
		{087ACF6A-0AF1-4C23-BEB5-6B7727A6CC99}.Debug|x86.Build.0 = Debug|Win32
		{087ACF6A-0AF1-4C23-BEB5-6B7727A6CC99}.Release|x64.ActiveCfg = Release|x64
		{087ACF6A-0AF1-4C23-BEB5-6B7727A6CC99}.Release|x64.Build.0 = Release|x64
		{087ACF6A-0AF1-4C23-BEB5-6B7727A6CC99}.Release|x86.ActiveCfg = Release|Win32
		{087ACF6A-0AF1-4C23-BEB5-6B7727A6CC99}.Release|x86.Build.0 = Release|Win32
		{11140D17-ADF4-431A-8BBC-0741D9021983}.Debug|x64.ActiveCfg = Debug|x64
		{11140D17-ADF4-431A-8BBC-0741D9021983}.Debug|x64.Build.0 = Debug|x64
		{11140D17-ADF4-431A-8BBC-0741D9021983}.Debug|x86.ActiveCfg = Debug|Win32
		{11140D17-ADF4-431A-8BBC-0741D9021983}.Debug|x86.Build.0 = Debug|Win32
		{11140D17-ADF4-431A-8BBC-0741D9021983}.Release|x64.ActiveCfg = Release|x64
		{11140D17-ADF4-431A-8BBC-0741D9021983}.Release|x64.Build.0 = Release|x64
		{11140D17-ADF4-431A-8BBC-0741D9021983}.Release|x86.ActiveCfg = Release|Win32
		{11140D17-ADF4-431A-8BBC-0741D9021983}.Release|x86.Build.0 = Release|Win32
		{A736A5FC-DE1B-4F74-88CD-82E008D4CCF5}.Debug|x64.ActiveCfg = Debug|x64
		{A736A5FC-DE1B-4F74-88CD-82E008D4CCF5}.Debug|x64.Build.0 = Debug|x64
		{A736A5FC-DE1B-4F74-88CD-82E008D4CCF5}.Debug|x86.ActiveCfg = Debug|Win32
		{A736A5FC-DE1B-4F74-88CD-82E008D4CCF5}.Debug|x86.Build.0 = Debug|Win32
		{A736A5FC-DE1B-4F74-88CD-82E008D4CCF5}.Release|x64.ActiveCfg = Release|x64
		{A736A5FC-DE1B-4F74-88CD-82E008D4CCF5}.Release|x64.Build.0 = Release|x64
		{A736A5FC-DE1B-4F74-88CD-82E008D4CCF5}.Release|x86.ActiveCfg = Release|Win32
		{A736A5FC-DE1B-4F74-88CD-82E008D4CCF5}.Release|x86.Build.0 = Release|Win32
		{60B40913-3BF6-4C41-9F68-D1E36528000E}.Debug|x64.ActiveCfg = Debug|x64
		{60B40913-3BF6-4C41-9F68-D1E36528000E}.Debug|x64.Build.0 = Debug|x64
		{60B40913-3BF6-4C41-9F68-D1E36528000E}.Debug|x86.ActiveCfg = Debug|Win32
		{60B40913-3BF6-4C41-9F68-D1E36528000E}.Debug|x86.Build.0 = Debug|Win32
		{60B40913-3BF6-4C41-9F68-D1E36528000E}.Release|x64.ActiveCfg = Release|x64
		{60B40913-3BF6-4C41-9F68-D1E36528000E}.Release|x64.Build.0 = Release|x64
		{60B40913-3BF6-4C41-9F68-D1E36528000E}.Release|x86.ActiveCfg = Release|Win32
		{60B40913-3BF6-4C41-9F68-D1E36528000E}.Release|x86.Build.0 = Release|Win32
		{1B84123A-7539-4D06-8ACF-BAC527D5457A}.Debug|x64.ActiveCfg = Debug|x64
		{1B84123A-7539-4D06-8ACF-BAC527D5457A}.Debug|x64.Build.0 = Debug|x64
		{1B84123A-7539-4D06-8ACF-BAC527D5457A}.Debug|x86.ActiveCfg = Debug|Win32
		{1B84123A-7539-4D06-8ACF-BAC527D5457A}.Debug|x86.Build.0 = Debug|Win32
		{1B84123A-7539-4D06-8ACF-BAC527D5457A}.Release|x64.ActiveCfg = Release|x64
		{1B84123A-7539-4D06-8ACF-BAC527D5457A}.Release|x64.Build.0 = Release|x64
		{1B84123A-7539-4D06-8ACF-BAC527D5457A}.Release|x86.ActiveCfg = Release|Win32
		{1B84123A-7539-4D06-8ACF-BAC527D5457A}.Release|x86.Build.0 = Release|Win32
		{462519F9-F402-4DFF-A856-C7BEF095A8BF}.Debug|x64.ActiveCfg = Debug|x64
		{462519F9-F402-4DFF-A856-C7BEF095A8BF}.Debug|x64.Build.0 = Debug|x64
		{462519F9-F402-4DFF-A856-C7BEF095A8BF}.Debug|x86.ActiveCfg = Debug|Win32
		{462519F9-F402-4DFF-A856-C7BEF095A8BF}.Debug|x86.Build.0 = Debug|Win32
		{462519F9-F402-4DFF-A856-C7BEF095A8BF}.Release|x64.ActiveCfg = Release|x64
		{462519F9-F402-4DFF-A856-C7BEF095A8BF}.Release|x64.Build.0 = Release|x64
		{462519F9-F402-4DFF-A856-C7BEF095A8BF}.Release|x86.ActiveCfg = Release|Win32
		{462519F9-F402-4DFF-A856-C7BEF095A8BF}.Release|x86.Build.0 = Release|Win32
		{31BC00D2-A83D-4FB3-9F96-591A998D0932}.Debug|x64.ActiveCfg = Debug|x64
		{31BC00D2-A83D-4FB3-9F96-591A998D0932}.Debug|x64.Build.0 = Debug|x64
		{31BC00D2-A83D-4FB3-9F96-591A998D0932}.Debug|x86.ActiveCfg = Debug|Win32
		{31BC00D2-A83D-4FB3-9F96-591A998D0932}.Debug|x86.Build.0 = Debug|Win32
		{31BC00D2-A83D-4FB3-9F96-591A998D0932}.Release|x64.ActiveCfg = Release|x64
		{31BC00D2-A83D-4FB3-9F96-591A998D0932}.Release|x64.Build.0 = Release|x64
		{31BC00D2-A83D-4FB3-9F96-591A998D0932}.Release|x86.ActiveCfg = Release|Win32
		{31BC00D2-A83D-4FB3-9F96-591A998D0932}.Release|x86.Build.0 = Release|Win32
		{D39658B2-E1F6-412E-B410-E3F5908C32AF}.Debug|x64.ActiveCfg = Debug|x64
		{D39658B2-E1F6-412E-B410-E3F5908C32AF}.Debug|x64.Build.0 = Debug|x64
		{D39658B2-E1F6-412E-B410-E3F5908C32AF}.Debug|x86.ActiveCfg = Debug|Win32
		{D39658B2-E1F6-412E-B410-E3F5908C32AF}.Debug|x86.Build.0 = Debug|Win32
		{D39658B2-E1F6-412E-B410-E3F5908C32AF}.Release|x64.ActiveCfg = Release|x64
		{D39658B2-E1F6-412E-B410-E3F5908C32AF}.Release|x64.Build.0 = Release|x64
		{D39658B2-E1F6-412E-B410-E3F5908C32AF}.Release|x86.ActiveCfg = Release|Win32
		{D39658B2-E1F6-412E-B410-E3F5908C32AF}.Release|x86.Build.0 = Release|Win32
		{01FB767B-6362-451E-863A-85CE8B9FE62B}.Debug|x64.ActiveCfg = Debug|x64
		{01FB767B-6362-451E-863A-85CE8B9FE62B}.Debug|x64.Build.0 = Debug|x64
		{01FB767B-6362-451E-863A-85CE8B9FE62B}.Debug|x86.ActiveCfg = Debug|Win32
		{01FB767B-6362-451E-863A-85CE8B9FE62B}.Debug|x86.Build.0 = Debug|Win32
		{01FB767B-6362-451E-863A-85CE8B9FE62B}.Release|x64.ActiveCfg = Release|x64
		{01FB767B-6362-451E-863A-85CE8B9FE62B}.Release|x64.Build.0 = Release|x64
		{01FB767B-6362-451E-863A-85CE8B9FE62B}.Release|x86.ActiveCfg = Release|Win32
		{01FB767B-6362-451E-863A-85CE8B9FE62B}.Release|x86.Build.0 = Release|Win32
		{B7283D67-9AA3-4EE6-A0DD-DC8EE5BC10E2}.Debug|x64.ActiveCfg = Debug|x64
		{B7283D67-9AA3-4EE6-A0DD-DC8EE5BC10E2}.Debug|x64.Build.0 = Debug|x64
		{B7283D67-9AA3-4EE6-A0DD-DC8EE5BC10E2}.Debug|x86.ActiveCfg = Debug|Win32
		{B7283D67-9AA3-4EE6-A0DD-DC8EE5BC10E2}.Debug|x86.Build.0 = Debug|Win32
		{B7283D67-9AA3-4EE6-A0DD-DC8EE5BC10E2}.Release|x64.ActiveCfg = Release|x64
		{B7283D67-9AA3-4EE6-A0DD-DC8EE5BC10E2}.Release|x64.Build.0 = Release|x64
		{B7283D67-9AA3-4EE6-A0DD-DC8EE5BC10E2}.Release|x86.ActiveCfg = Release|Win32
		{B7283D67-9AA3-4EE6-A0DD-DC8EE5BC10E2}.Release|x86.Build.0 = Release|Win32
		{DD8B389D-F6DB-49D5-AD11-7A91EEAE3FA8}.Debug|x64.ActiveCfg = Debug|x64
		{DD8B389D-F6DB-49D5-AD11-7A91EEAE3FA8}.Debug|x64.Build.0 = Debug|x64
		{DD8B389D-F6DB-49D5-AD11-7A91EEAE3FA8}.Debug|x86.ActiveCfg = Debug|Win32
		{DD8B389D-F6DB-49D5-AD11-7A91EEAE3FA8}.Debug|x86.Build.0 = Debug|Win32
		{DD8B389D-F6DB-49D5-AD11-7A91EEAE3FA8}.Release|x64.ActiveCfg = Release|x64
		{DD8B389D-F6DB-49D5-AD11-7A91EEAE3FA8}.Release|x64.Build.0 = Release|x64
		{DD8B389D-F6DB-49D5-AD11-7A91EEAE3FA8}.Release|x86.ActiveCfg = Release|Win32
		{DD8B389D-F6DB-49D5-AD11-7A91EEAE3FA8}.Release|x86.Build.0 = Release|Win32
		{4B6F61CE-DCD8-4BEE-9814-9BBA70E0F025}.Debug|x64.ActiveCfg = Debug|x64
		{4B6F61CE-DCD8-4BEE-9814-9BBA70E0F025}.Debug|x64.Build.0 = Debug|x64
		{4B6F61CE-DCD8-4BEE-9814-9BBA70E0F025}.Debug|x86.ActiveCfg = Debug|Win32
		{4B6F61CE-DCD8-4BEE-9814-9BBA70E0F025}.Debug|x86.Build.0 = Debug|Win32
		{4B6F61CE-DCD8-4BEE-9814-9BBA70E0F025}.Release|x64.ActiveCfg = Release|x64
		{4B6F61CE-DCD8-4BEE-9814-9BBA70E0F025}.Release|x64.Build.0 = Release|x64
		{4B6F61CE-DCD8-4BEE-9814-9BBA70E0F025}.Release|x86.ActiveCfg = Release|Win32
		{4B6F61CE-DCD8-4BEE-9814-9BBA70E0F025}.Release|x86.Build.0 = Release|Win32
		{A037F256-5C87-4C20-8797-66D9EE25158F}.Debug|x64.ActiveCfg = Debug|x64
		{A037F256-5C87-4C20-8797-66D9EE25158F}.Debug|x64.Build.0 = Debug|x64
		{A037F256-5C87-4C20-8797-66D9EE25158F}.Debug|x86.ActiveCfg = Debug|Win32
		{A037F256-5C87-4C20-8797-66D9EE25158F}.Debug|x86.Build.0 = Debug|Win32
		{A037F256-5C87-4C20-8797-66D9EE25158F}.Release|x64.ActiveCfg = Release|x64
		{A037F256-5C87-4C20-8797-66D9EE25158F}.Release|x64.Build.0 = Release|x64
		{A037F256-5C87-4C20-8797-66D9EE25158F}.Release|x86.ActiveCfg = Release|Win32
		{A037F256-5C87-4C20-8797-66D9EE25158F}.Release|x86.Build.0 = Release|Win32
		{55F2CE44-B163-4BC0-8295-7B49FB25C9FB}.Debug|x64.ActiveCfg = Debug|x64
		{55F2CE44-B163-4BC0-8295-7B49FB25C9FB}.Debug|x64.Build.0 = Debug|x64
		{55F2CE44-B163-4BC0-8295-7B49FB25C9FB}.Debug|x86.ActiveCfg = Debug|Win32
		{55F2CE44-B163-4BC0-8295-7B49FB25C9FB}.Debug|x86.Build.0 = Debug|Win32
		{55F2CE44-B163-4BC0-8295-7B49FB25C9FB}.Release|x64.ActiveCfg = Release|x64
		{55F2CE44-B163-4BC0-8295-7B49FB25C9FB}.Release|x64.Build.0 = Release|x64
		{55F2CE44-B163-4BC0-8295-7B49FB25C9FB}.Release|x86.ActiveCfg = Release|Win32
		{55F2CE44-B163-4BC0-8295-7B49FB25C9FB}.Release|x86.Build.0 = Release|Win32
		{F0E3B08D-FEA1-458A-B4A0-327867EFF180}.Debug|x64.ActiveCfg = Debug|x64
		{F0E3B08D-FEA1-458A-B4A0-327867EFF180}.Debug|x64.Build.0 = Debug|x64
		{F0E3B08D-FEA1-458A-B4A0-327867EFF180}.Debug|x86.ActiveCfg = Debug|Win32
		{F0E3B08D-FEA1-458A-B4A0-327867EFF180}.Debug|x86.Build.0 = Debug|Win32
		{F0E3B08D-FEA1-458A-B4A0-327867EFF180}.Release|x64.ActiveCfg = Release|x64
		{F0E3B08D-FEA1-458A-B4A0-327867EFF180}.Release|x64.Build.0 = Release|x64
		{F0E3B08D-FEA1-458A-B4A0-327867EFF180}.Release|x86.ActiveCfg = Release|Win32
		{F0E3B08D-FEA1-458A-B4A0-327867EFF180}.Release|x86.Build.0 = Release|Win32
		{5C82EDDE-77A6-4E20-AFF0-848733399CE4}.Debug|x64.ActiveCfg = Debug|x64
		{5C82EDDE-77A6-4E20-AFF0-848733399CE4}.Debug|x64.Build.0 = Debug|x64
		{5C82EDDE-77A6-4E20-AFF0-848733399CE4}.Debug|x86.ActiveCfg = Debug|Win32
		{5C82EDDE-77A6-4E20-AFF0-848733399CE4}.Debug|x86.Build.0 = Debug|Win32
		{5C82EDDE-77A6-4E20-AFF0-848733399CE4}.Release|x64.ActiveCfg = Release|x64
		{5C82EDDE-77A6-4E20-AFF0-848733399CE4}.Release|x64.Build.0 = Release|x64
		{5C82EDDE-77A6-4E20-AFF0-848733399CE4}.Release|x86.ActiveCfg = Release|Win32
		{5C82EDDE-77A6-4E20-AFF0-848733399CE4}.Release|x86.Build.0 = Release|Win32
		{45ABFCEC-8505-4A72-A388-BED7C2082D49}.Debug|x64.ActiveCfg = Debug|x64
		{45ABFCEC-8505-4A72-A388-BED7C2082D49}.Debug|x64.Build.0 = Debug|x64
		{45ABFCEC-8505-4A72-A388-BED7C2082D49}.Debug|x86.ActiveCfg = Debug|Win32
		{45ABFCEC-8505-4A72-A388-BED7C2082D49}.Debug|x86.Build.0 = Debug|Win32
		{45ABFCEC-8505-4A72-A388-BED7C2082D49}.Release|x64.ActiveCfg = Release|x64
		{45ABFCEC-8505-4A72-A388-BED7C2082D49}.Release|x64.Build.0 = Release|x64
		{45ABFCEC-8505-4A72-A388-BED7C2082D49}.Release|x86.ActiveCfg = Release|Win32
		{45ABFCEC-8505-4A72-A388-BED7C2082D49}.Release|x86.Build.0 = Release|Win32
		{3ACC4BD6-F7FB-49E9-9694-38852CEB4C10}.Debug|x64.ActiveCfg = Debug|x64
		{3ACC4BD6-F7FB-49E9-9694-38852CEB4C10}.Debug|x64.Build.0 = Debug|x64
		{3ACC4BD6-F7FB-49E9-9694-38852CEB4C10}.Debug|x86.ActiveCfg = Debug|Win32
		{3ACC4BD6-F7FB-49E9-9694-38852CEB4C10}.Debug|x86.Build.0 = Debug|Win32
		{3ACC4BD6-F7FB-49E9-9694-38852CEB4C10}.Release|x64.ActiveCfg = Release|x64
		{3ACC4BD6-F7FB-49E9-9694-38852CEB4C10}.Release|x64.Build.0 = Release|x64
		{3ACC4BD6-F7FB-49E9-9694-38852CEB4C10}.Release|x86.ActiveCfg = Release|Win32
		{3ACC4BD6-F7FB-49E9-9694-38852CEB4C10}.Release|x86.Build.0 = Release|Win32
		{75EE0C9E-9B12-417E-B179-2E658CC1D3EF}.Debug|x64.ActiveCfg = Debug|x64
		{75EE0C9E-9B12-417E-B179-2E658CC1D3EF}.Debug|x64.Build.0 = Debug|x64
		{75EE0C9E-9B12-417E-B179-2E658CC1D3EF}.Debug|x86.ActiveCfg = Debug|Win32
		{75EE0C9E-9B12-417E-B179-2E658CC1D3EF}.Debug|x86.Build.0 = Debug|Win32
		{75EE0C9E-9B12-417E-B179-2E658CC1D3EF}.Release|x64.ActiveCfg = Release|x64
		{75EE0C9E-9B12-417E-B179-2E658CC1D3EF}.Release|x64.Build.0 = Release|x64
		{75EE0C9E-9B12-417E-B179-2E658CC1D3EF}.Release|x86.ActiveCfg = Release|Win32
		{75EE0C9E-9B12-417E-B179-2E658CC1D3EF}.Release|x86.Build.0 = Release|Win32
		{8A7A1168-B18C-4423-AE10-0249BAFA0FC3}.Debug|x64.ActiveCfg = Debug|x64
		{8A7A1168-B18C-4423-AE10-0249BAFA0FC3}.Debug|x64.Build.0 = Debug|x64
		{8A7A1168-B18C-4423-AE10-0249BAFA0FC3}.Debug|x86.ActiveCfg = Debug|Win32
		{8A7A1168-B18C-4423-AE10-0249BAFA0FC3}.Debug|x86.Build.0 = Debug|Win32
		{8A7A1168-B18C-4423-AE10-0249BAFA0FC3}.Release|x64.ActiveCfg = Release|x64
		{8A7A1168-B18C-4423-AE10-0249BAFA0FC3}.Release|x64.Build.0 = Release|x64
		{8A7A1168-B18C-4423-AE10-0249BAFA0FC3}.Release|x86.ActiveCfg = Release|Win32
		{8A7A1168-B18C-4423-AE10-0249BAFA0FC3}.Release|x86.Build.0 = Release|Win32
		{B6DE652A-F6FB-4CBE-8D75-B55D2E559812}.Debug|x64.ActiveCfg = Debug|x64
		{B6DE652A-F6FB-4CBE-8D75-B55D2E559812}.Debug|x64.Build.0 = Debug|x64
		{B6DE652A-F6FB-4CBE-8D75-B55D2E559812}.Debug|x86.ActiveCfg = Debug|Win32
		{B6DE652A-F6FB-4CBE-8D75-B55D2E559812}.Debug|x86.Build.0 = Debug|Win32
		{B6DE652A-F6FB-4CBE-8D75-B55D2E559812}.Release|x64.ActiveCfg = Release|x64
		{B6DE652A-F6FB-4CBE-8D75-B55D2E559812}.Release|x64.Build.0 = Release|x64
		{B6DE652A-F6FB-4CBE-8D75-B55D2E559812}.Release|x86.ActiveCfg = Release|Win32
		{B6DE652A-F6FB-4CBE-8D75-B55D2E559812}.Release|x86.Build.0 = Release|Win32
		{7378D260-F060-4F5B-B657-575E9AEA4D49}.Debug|x64.ActiveCfg = Debug|x64
		{7378D260-F060-4F5B-B657-575E9AEA4D49}.Debug|x64.Build.0 = Debug|x64
		{7378D260-F060-4F5B-B657-575E9AEA4D49}.Debug|x86.ActiveCfg = Debug|Win32
		{7378D260-F060-4F5B-B657-575E9AEA4D49}.Debug|x86.Build.0 = Debug|Win32
		{7378D260-F060-4F5B-B657-575E9AEA4D49}.Release|x64.ActiveCfg = Release|x64
		{7378D260-F060-4F5B-B657-575E9AEA4D49}.Release|x64.Build.0 = Release|x64
		{7378D260-F060-4F5B-B657-575E9AEA4D49}.Release|x86.ActiveCfg = Release|Win32
		{7378D260-F060-4F5B-B657-575E9AEA4D49}.Release|x86.Build.0 = Release|Win32
		{C66D6A79-1FA6-4887-8CE3-470B19AE37DD}.Debug|x64.ActiveCfg = Debug|x64
		{C66D6A79-1FA6-4887-8CE3-470B19AE37DD}.Debug|x64.Build.0 = Debug|x64
		{C66D6A79-1FA6-4887-8CE3-470B19AE37DD}.Debug|x86.ActiveCfg = Debug|Win32
		{C66D6A79-1FA6-4887-8CE3-470B19AE37DD}.Debug|x86.Build.0 = Debug|Win32
		{C66D6A79-1FA6-4887-8CE3-470B19AE37DD}.Release|x64.ActiveCfg = Release|x64
		{C66D6A79-1FA6-4887-8CE3-470B19AE37DD}.Release|x64.Build.0 = Release|x64
		{C66D6A79-1FA6-4887-8CE3-470B19AE37DD}.Release|x86.ActiveCfg = Release|Win32
		{C66D6A79-1FA6-4887-8CE3-470B19AE37DD}.Release|x86.Build.0 = Release|Win32
		{490ABCA9-9A06-4861-8FBA-95185AD1D905}.Debug|x64.ActiveCfg = Debug|x64
		{490ABCA9-9A06-4861-8FBA-95185AD1D905}.Debug|x64.Build.0 = Debug|x64
		{490ABCA9-9A06-4861-8FBA-95185AD1D905}.Debug|x86.ActiveCfg = Debug|Win32
		{490ABCA9-9A06-4861-8FBA-95185AD1D905}.Debug|x86.Build.0 = Debug|Win32
		{490ABCA9-9A06-4861-8FBA-95185AD1D905}.Release|x64.ActiveCfg = Release|x64
		{490ABCA9-9A06-4861-8FBA-95185AD1D905}.Release|x64.Build.0 = Release|x64
		{490ABCA9-9A06-4861-8FBA-95185AD1D905}.Release|x86.ActiveCfg = Release|Win32
		{490ABCA9-9A06-4861-8FBA-95185AD1D905}.Release|x86.Build.0 = Release|Win32
		{3E73E79D-9AA3-4D3E-84ED-4D5D0CAD57EF}.Debug|x64.ActiveCfg = Debug|x64
		{3E73E79D-9AA3-4D3E-84ED-4D5D0CAD57EF}.Debug|x64.Build.0 = Debug|x64
		{3E73E79D-9AA3-4D3E-84ED-4D5D0CAD57EF}.Debug|x86.ActiveCfg = Debug|Win32
		{3E73E79D-9AA3-4D3E-84ED-4D5D0CAD57EF}.Debug|x86.Build.0 = Debug|Win32
		{3E73E79D-9AA3-4D3E-84ED-4D5D0CAD57EF}.Release|x64.ActiveCfg = Release|x64
		{3E73E79D-9AA3-4D3E-84ED-4D5D0CAD57EF}.Release|x64.Build.0 = Release|x64
		{3E73E79D-9AA3-4D3E-84ED-4D5D0CAD57EF}.Release|x86.ActiveCfg = Release|Win32
		{3E73E79D-9AA3-4D3E-84ED-4D5D0CAD57EF}.Release|x86.Build.0 = Release|Win32
		{5254D759-A2D4-4770-947E-3CD1755C5259}.Debug|x64.ActiveCfg = Debug|x64
		{5254D759-A2D4-4770-947E-3CD1755C5259}.Debug|x64.Build.0 = Debug|x64
		{5254D759-A2D4-4770-947E-3CD1755C5259}.Debug|x86.ActiveCfg = Debug|Win32
		{5254D759-A2D4-4770-947E-3CD1755C5259}.Debug|x86.Build.0 = Debug|Win32
		{5254D759-A2D4-4770-947E-3CD1755C5259}.Release|x64.ActiveCfg = Release|x64
		{5254D759-A2D4-4770-947E-3CD1755C5259}.Release|x64.Build.0 = Release|x64
		{5254D759-A2D4-4770-947E-3CD1755C5259}.Release|x86.ActiveCfg = Release|Win32
		{5254D759-A2D4-4770-947E-3CD1755C5259}.Release|x86.Build.0 = Release|Win32
		{19BB2424-2D97-4DCD-8FA4-E1481F2DD0EA}.Debug|x64.ActiveCfg = Debug|x64
		{19BB2424-2D97-4DCD-8FA4-E1481F2DD0EA}.Debug|x64.Build.0 = Debug|x64
		{19BB2424-2D97-4DCD-8FA4-E1481F2DD0EA}.Debug|x86.ActiveCfg = Debug|Win32
		{19BB2424-2D97-4DCD-8FA4-E1481F2DD0EA}.Debug|x86.Build.0 = Debug|Win32
		{19BB2424-2D97-4DCD-8FA4-E1481F2DD0EA}.Release|x64.ActiveCfg = Release|x64
		{19BB2424-2D97-4DCD-8FA4-E1481F2DD0EA}.Release|x64.Build.0 = Release|x64
		{19BB2424-2D97-4DCD-8FA4-E1481F2DD0EA}.Release|x86.ActiveCfg = Release|Win32
		{19BB2424-2D97-4DCD-8FA4-E1481F2DD0EA}.Release|x86.Build.0 = Release|Win32
		{CA3AD802-F25D-472D-B340-9309E2F46788}.Debug|x64.ActiveCfg = Debug|x64
		{CA3AD802-F25D-472D-B340-9309E2F46788}.Debug|x64.Build.0 = Debug|x64
		{CA3AD802-F25D-472D-B340-9309E2F46788}.Debug|x86.ActiveCfg = Debug|Win32
		{CA3AD802-F25D-472D-B340-9309E2F46788}.Debug|x86.Build.0 = Debug|Win32
		{CA3AD802-F25D-472D-B340-9309E2F46788}.Release|x64.ActiveCfg = Release|x64
		{CA3AD802-F25D-472D-B340-9309E2F46788}.Release|x64.Build.0 = Release|x64
		{CA3AD802-F25D-472D-B340-9309E2F46788}.Release|x86.ActiveCfg = Release|Win32
		{CA3AD802-F25D-472D-B340-9309E2F46788}.Release|x86.Build.0 = Release|Win32
		{ADC7C3E5-3F06-4D78-B4B4-C427D2C3E0F5}.Debug|x64.ActiveCfg = Debug|x64
		{ADC7C3E5-3F06-4D78-B4B4-C427D2C3E0F5}.Debug|x64.Build.0 = Debug|x64
		{ADC7C3E5-3F06-4D78-B4B4-C427D2C3E0F5}.Debug|x86.ActiveCfg = Debug|Win32
		{ADC7C3E5-3F06-4D78-B4B4-C427D2C3E0F5}.Debug|x86.Build.0 = Debug|Win32
		{ADC7C3E5-3F06-4D78-B4B4-C427D2C3E0F5}.Release|x64.ActiveCfg = Release|x64
		{ADC7C3E5-3F06-4D78-B4B4-C427D2C3E0F5}.Release|x64.Build.0 = Release|x64
		{ADC7C3E5-3F06-4D78-B4B4-C427D2C3E0F5}.Release|x86.ActiveCfg = Release|Win32
		{ADC7C3E5-3F06-4D78-B4B4-C427D2C3E0F5}.Release|x86.Build.0 = Release|Win32
		{085921FE-0B75-42C6-8663-280D10C26E95}.Debug|x64.ActiveCfg = Debug|x64
		{085921FE-0B75-42C6-8663-280D10C26E95}.Debug|x64.Build.0 = Debug|x64
		{085921FE-0B75-42C6-8663-280D10C26E95}.Debug|x86.ActiveCfg = Debug|Win32
		{085921FE-0B75-42C6-8663-280D10C26E95}.Debug|x86.Build.0 = Debug|Win32
		{085921FE-0B75-42C6-8663-280D10C26E95}.Release|x64.ActiveCfg = Release|x64
		{085921FE-0B75-42C6-8663-280D10C26E95}.Release|x64.Build.0 = Release|x64
		{085921FE-0B75-42C6-8663-280D10C26E95}.Release|x86.ActiveCfg = Release|Win32
		{085921FE-0B75-42C6-8663-280D10C26E95}.Release|x86.Build.0 = Release|Win32
		{50E79695-45BD-4953-8CB6-8E3E526B0B73}.Debug|x64.ActiveCfg = Debug|x64
		{50E79695-45BD-4953-8CB6-8E3E526B0B73}.Debug|x64.Build.0 = Debug|x64
		{50E79695-45BD-4953-8CB6-8E3E526B0B73}.Debug|x86.ActiveCfg = Debug|Win32
		{50E79695-45BD-4953-8CB6-8E3E526B0B73}.Debug|x86.Build.0 = Debug|Win32
		{50E79695-45BD-4953-8CB6-8E3E526B0B73}.Release|x64.ActiveCfg = Release|x64
		{50E79695-45BD-4953-8CB6-8E3E526B0B73}.Release|x64.Build.0 = Release|x64
		{50E79695-45BD-4953-8CB6-8E3E526B0B73}.Release|x86.ActiveCfg = Release|Win32
		{50E79695-45BD-4953-8CB6-8E3E526B0B73}.Release|x86.Build.0 = Release|Win32
		{0987AFA1-A64C-482B-8A51-1B1DDD369585}.Debug|x64.ActiveCfg = Debug|x64
		{0987AFA1-A64C-482B-8A51-1B1DDD369585}.Debug|x64.Build.0 = Debug|x64
		{0987AFA1-A64C-482B-8A51-1B1DDD369585}.Debug|x86.ActiveCfg = Debug|Win32
		{0987AFA1-A64C-482B-8A51-1B1DDD369585}.Debug|x86.Build.0 = Debug|Win32
		{0987AFA1-A64C-482B-8A51-1B1DDD369585}.Release|x64.ActiveCfg = Release|x64
		{0987AFA1-A64C-482B-8A51-1B1DDD369585}.Release|x64.Build.0 = Release|x64
		{0987AFA1-A64C-482B-8A51-1B1DDD369585}.Release|x86.ActiveCfg = Release|Win32
		{0987AFA1-A64C-482B-8A51-1B1DDD369585}.Release|x86.Build.0 = Release|Win32
		{1C1A158B-8B01-4972-A6DC-D4454149B52F}.Debug|x64.ActiveCfg = Debug|x64
		{1C1A158B-8B01-4972-A6DC-D4454149B52F}.Debug|x64.Build.0 = Debug|x64
		{1C1A158B-8B01-4972-A6DC-D4454149B52F}.Debug|x86.ActiveCfg = Debug|Win32
		{1C1A158B-8B01-4972-A6DC-D4454149B52F}.Debug|x86.Build.0 = Debug|Win32
		{1C1A158B-8B01-4972-A6DC-D4454149B52F}.Release|x64.ActiveCfg = Release|x64
		{1C1A158B-8B01-4972-A6DC-D4454149B52F}.Release|x64.Build.0 = Release|x64
		{1C1A158B-8B01-4972-A6DC-D4454149B52F}.Release|x86.ActiveCfg = Release|Win32
		{1C1A158B-8B01-4972-A6DC-D4454149B52F}.Release|x86.Build.0 = Release|Win32
		{42868231-3E73-433F-9FC2-34F0760D39A8}.Debug|x64.ActiveCfg = Debug|x64
		{42868231-3E73-433F-9FC2-34F0760D39A8}.Debug|x64.Build.0 = Debug|x64
		{42868231-3E73-433F-9FC2-34F0760D39A8}.Debug|x86.ActiveCfg = Debug|Win32
		{42868231-3E73-433F-9FC2-34F0760D39A8}.Debug|x86.Build.0 = Debug|Win32
		{42868231-3E73-433F-9FC2-34F0760D39A8}.Release|x64.ActiveCfg = Release|x64
		{42868231-3E73-433F-9FC2-34F0760D39A8}.Release|x64.Build.0 = Release|x64
		{42868231-3E73-433F-9FC2-34F0760D39A8}.Release|x86.ActiveCfg = Release|Win32
		{42868231-3E73-433F-9FC2-34F0760D39A8}.Release|x86.Build.0 = Release|Win32
		{E36A818C-3158-4E4F-8DDD-6BC40626F8B8}.Debug|x64.ActiveCfg = Debug|x64
		{E36A818C-3158-4E4F-8DDD-6BC40626F8B8}.Debug|x64.Build.0 = Debug|x64
		{E36A818C-3158-4E4F-8DDD-6BC40626F8B8}.Debug|x86.ActiveCfg = Debug|Win32
		{E36A818C-3158-4E4F-8DDD-6BC40626F8B8}.Debug|x86.Build.0 = Debug|Win32
		{E36A818C-3158-4E4F-8DDD-6BC40626F8B8}.Release|x64.ActiveCfg = Release|x64
		{E36A818C-3158-4E4F-8DDD-6BC40626F8B8}.Release|x64.Build.0 = Release|x64
		{E36A818C-3158-4E4F-8DDD-6BC40626F8B8}.Release|x86.ActiveCfg = Release|Win32
		{E36A818C-3158-4E4F-8DDD-6BC40626F8B8}.Release|x86.Build.0 = Release|Win32
		{E27A3E20-C5AE-48B5-8BBC-796020CB4A1A}.Debug|x64.ActiveCfg = Debug|x64
		{E27A3E20-C5AE-48B5-8BBC-796020CB4A1A}.Debug|x64.Build.0 = Debug|x64
		{E27A3E20-C5AE-48B5-8BBC-796020CB4A1A}.Debug|x86.ActiveCfg = Debug|Win32
		{E27A3E20-C5AE-48B5-8BBC-796020CB4A1A}.Debug|x86.Build.0 = Debug|Win32
		{E27A3E20-C5AE-48B5-8BBC-796020CB4A1A}.Release|x64.ActiveCfg = Release|x64
		{E27A3E20-C5AE-48B5-8BBC-796020CB4A1A}.Release|x64.Build.0 = Release|x64
		{E27A3E20-C5AE-48B5-8BBC-796020CB4A1A}.Release|x86.ActiveCfg = Release|Win32
		{E27A3E20-C5AE-48B5-8BBC-796020CB4A1A}.Release|x86.Build.0 = Release|Win32
		{E55ACD1E-541E-4E89-8713-DF5232426C4D}.Debug|x64.ActiveCfg = Debug|x64
		{E55ACD1E-541E-4E89-8713-DF5232426C4D}.Debug|x64.Build.0 = Debug|x64
		{E55ACD1E-541E-4E89-8713-DF5232426C4D}.Debug|x86.ActiveCfg = Debug|Win32
		{E55ACD1E-541E-4E89-8713-DF5232426C4D}.Debug|x86.Build.0 = Debug|Win32
		{E55ACD1E-541E-4E89-8713-DF5232426C4D}.Release|x64.ActiveCfg = Release|x64
		{E55ACD1E-541E-4E89-8713-DF5232426C4D}.Release|x64.Build.0 = Release|x64
		{E55ACD1E-541E-4E89-8713-DF5232426C4D}.Release|x86.ActiveCfg = Release|Win32
		{E55ACD1E-541E-4E89-8713-DF5232426C4D}.Release|x86.Build.0 = Release|Win32
		{B7664284-2F99-4C59-9918-4CBC66009E2C}.Debug|x64.ActiveCfg = Debug|x64
		{B7664284-2F99-4C59-9918-4CBC66009E2C}.Debug|x64.Build.0 = Debug|x64
		{B7664284-2F99-4C59-9918-4CBC66009E2C}.Debug|x86.ActiveCfg = Debug|Win32
		{B7664284-2F99-4C59-9918-4CBC66009E2C}.Debug|x86.Build.0 = Debug|Win32
		{B7664284-2F99-4C59-9918-4CBC66009E2C}.Release|x64.ActiveCfg = Release|x64
		{B7664284-2F99-4C59-9918-4CBC66009E2C}.Release|x64.Build.0 = Release|x64
		{B7664284-2F99-4C59-9918-4CBC66009E2C}.Release|x86.ActiveCfg = Release|Win32
		{B7664284-2F99-4C59-9918-4CBC66009E2C}.Release|x86.Build.0 = Release|Win32
	EndGlobalSection
	GlobalSection(SolutionProperties) = preSolution
		HideSolutionNode = FALSE
	EndGlobalSection
	GlobalSection(NestedProjects) = preSolution
		{3B8FEF14-6BCC-43B9-86E5-BB35EFFC8311} = {B4AD416F-6870-49AA-84F9-8B3DA5DB1844}
		{94A6E768-C437-4827-9C9B-E4508D89C510} = {B4AD416F-6870-49AA-84F9-8B3DA5DB1844}
		{D7F382BF-CD9D-441A-B4E3-0860B18B03A9} = {2F19F46F-FE4B-4F28-914B-7BA9E1AFB048}
		{8E31B6C1-7307-41C2-B598-4CD4880401A7} = {2F19F46F-FE4B-4F28-914B-7BA9E1AFB048}
		{6A639518-6BD5-42C8-9364-15CBBC80C155} = {5D4DD241-5757-4076-9355-5E9485F38C5A}
		{DE2681BE-A5E9-46DE-ADE2-4EC75B2F700A} = {5D4DD241-5757-4076-9355-5E9485F38C5A}
		{A4CFEBD6-2D49-47EE-A9A6-FF5E7BA0D849} = {5D4DD241-5757-4076-9355-5E9485F38C5A}
		{A3020F73-3697-443B-A738-6EB4D361D807} = {0E0689CF-1D6D-4665-9DEE-462C0F35819F}
		{0F4BC9DC-C314-4964-B3D0-7E2C71062C65} = {0E0689CF-1D6D-4665-9DEE-462C0F35819F}
		{C5023992-6D3C-4510-8251-63C0FDE312A0} = {CFB6988F-0939-40C9-ADFE-214460F3EBA0}
		{D8607D6C-57FD-4110-ABB5-F2330DA5076E} = {CFB6988F-0939-40C9-ADFE-214460F3EBA0}
		{4611D900-6914-4B79-97D0-245C16A9E16E} = {3ADBB5B0-9D90-46F2-B388-53A77CDD1063}
		{D31E7F9A-76EA-4952-8A34-02E79E516834} = {2A9047ED-3867-4D0C-BE9D-F42B97E003BF}
		{60B0CB3E-4A3D-4123-BD77-376994D5081E} = {2A9047ED-3867-4D0C-BE9D-F42B97E003BF}
		{4F6EE9D7-32A2-4C82-8C4D-343442892604} = {9EF45BBA-7376-4756-9BAC-2D2CCE90B05A}
		{7097667F-EAB9-4D26-A8AB-C5045E7D6247} = {9EF45BBA-7376-4756-9BAC-2D2CCE90B05A}
		{087ACF6A-0AF1-4C23-BEB5-6B7727A6CC99} = {3C86B502-7677-45F6-A3A0-D12AC11C0485}
		{11140D17-ADF4-431A-8BBC-0741D9021983} = {3C86B502-7677-45F6-A3A0-D12AC11C0485}
		{A736A5FC-DE1B-4F74-88CD-82E008D4CCF5} = {70BA627D-B691-40F3-A808-6827188CF1D6}
		{60B40913-3BF6-4C41-9F68-D1E36528000E} = {548780B9-C47B-438A-A4BD-1076665C9855}
		{1B84123A-7539-4D06-8ACF-BAC527D5457A} = {3E19BCA8-F96C-4C1A-B859-D0864DD38612}
		{462519F9-F402-4DFF-A856-C7BEF095A8BF} = {3E19BCA8-F96C-4C1A-B859-D0864DD38612}
		{31BC00D2-A83D-4FB3-9F96-591A998D0932} = {E9111EE2-B87A-480C-901A-1B868CE3AFAB}
		{D39658B2-E1F6-412E-B410-E3F5908C32AF} = {E9111EE2-B87A-480C-901A-1B868CE3AFAB}
		{01FB767B-6362-451E-863A-85CE8B9FE62B} = {E9111EE2-B87A-480C-901A-1B868CE3AFAB}
		{B7283D67-9AA3-4EE6-A0DD-DC8EE5BC10E2} = {D2C6804D-D47A-4DA5-9CCE-C23AC2770495}
		{DD8B389D-F6DB-49D5-AD11-7A91EEAE3FA8} = {D2C6804D-D47A-4DA5-9CCE-C23AC2770495}
		{4B6F61CE-DCD8-4BEE-9814-9BBA70E0F025} = {B443B711-1190-4210-B256-CAF8381CF9CB}
		{A037F256-5C87-4C20-8797-66D9EE25158F} = {B443B711-1190-4210-B256-CAF8381CF9CB}
		{55F2CE44-B163-4BC0-8295-7B49FB25C9FB} = {B443B711-1190-4210-B256-CAF8381CF9CB}
		{F0E3B08D-FEA1-458A-B4A0-327867EFF180} = {48B62D1D-B34B-46CA-8F8B-22BC7A78F625}
		{5C82EDDE-77A6-4E20-AFF0-848733399CE4} = {48B62D1D-B34B-46CA-8F8B-22BC7A78F625}
		{45ABFCEC-8505-4A72-A388-BED7C2082D49} = {48B62D1D-B34B-46CA-8F8B-22BC7A78F625}
		{3ACC4BD6-F7FB-49E9-9694-38852CEB4C10} = {48B62D1D-B34B-46CA-8F8B-22BC7A78F625}
		{75EE0C9E-9B12-417E-B179-2E658CC1D3EF} = {48B62D1D-B34B-46CA-8F8B-22BC7A78F625}
		{8A7A1168-B18C-4423-AE10-0249BAFA0FC3} = {6E24CC03-20F4-4710-9E8C-B372F7529E83}
		{B6DE652A-F6FB-4CBE-8D75-B55D2E559812} = {6E24CC03-20F4-4710-9E8C-B372F7529E83}
		{7378D260-F060-4F5B-B657-575E9AEA4D49} = {D172C591-9157-4EC3-A563-C2FDE61EEA93}
		{C66D6A79-1FA6-4887-8CE3-470B19AE37DD} = {D172C591-9157-4EC3-A563-C2FDE61EEA93}
		{490ABCA9-9A06-4861-8FBA-95185AD1D905} = {D172C591-9157-4EC3-A563-C2FDE61EEA93}
		{3E73E79D-9AA3-4D3E-84ED-4D5D0CAD57EF} = {D172C591-9157-4EC3-A563-C2FDE61EEA93}
		{5254D759-A2D4-4770-947E-3CD1755C5259} = {D172C591-9157-4EC3-A563-C2FDE61EEA93}
		{19BB2424-2D97-4DCD-8FA4-E1481F2DD0EA} = {FC7B0137-1FE6-40F7-B681-82B2443F7DA8}
		{CA3AD802-F25D-472D-B340-9309E2F46788} = {47FB492E-8710-4B6E-9F3C-F21D1E7D7539}
		{ADC7C3E5-3F06-4D78-B4B4-C427D2C3E0F5} = {47FB492E-8710-4B6E-9F3C-F21D1E7D7539}
		{085921FE-0B75-42C6-8663-280D10C26E95} = {47FB492E-8710-4B6E-9F3C-F21D1E7D7539}
		{50E79695-45BD-4953-8CB6-8E3E526B0B73} = {47FB492E-8710-4B6E-9F3C-F21D1E7D7539}
		{0987AFA1-A64C-482B-8A51-1B1DDD369585} = {FC7B0137-1FE6-40F7-B681-82B2443F7DA8}
		{1C1A158B-8B01-4972-A6DC-D4454149B52F} = {C300C99A-38B1-4146-BB75-699B0429D684}
		{42868231-3E73-433F-9FC2-34F0760D39A8} = {C300C99A-38B1-4146-BB75-699B0429D684}
		{E36A818C-3158-4E4F-8DDD-6BC40626F8B8} = {3DD987E3-179D-44D8-BED5-8299992077C9}
		{E27A3E20-C5AE-48B5-8BBC-796020CB4A1A} = {3DD987E3-179D-44D8-BED5-8299992077C9}
		{E55ACD1E-541E-4E89-8713-DF5232426C4D} = {3DD987E3-179D-44D8-BED5-8299992077C9}
		{B7664284-2F99-4C59-9918-4CBC66009E2C} = {3DD987E3-179D-44D8-BED5-8299992077C9}
	EndGlobalSection
	GlobalSection(ExtensibilityGlobals) = postSolution
		SolutionGuid = {2D2601FE-2599-4CBD-B1DB-7D4149734CAA}
	EndGlobalSection
EndGlobal
