
Microsoft Visual Studio Solution File, Format Version 12.00
# Visual Studio Version 16
VisualStudioVersion = 16.0.29709.97
MinimumVisualStudioVersion = 10.0.40219.1
Project("{8BC9CEB8-8B4A-11D0-8D11-00A0C91BC942}") = "quiz001.c", "CTempRebuild16\CTempRebuild16.vcxproj", "{DE7E4FDA-4A9E-45C1-A268-B15424FB1C8D}"
EndProject
Project("{8BC9CEB8-8B4A-11D0-8D11-00A0C91BC942}") = "quiz002.c", "quiz002.c\quiz002.c.vcxproj", "{DDAD11C5-FEE5-4196-9531-55B8BC5D4174}"
EndProject
Project("{8BC9CEB8-8B4A-11D0-8D11-00A0C91BC942}") = "quiz003", "CTempRebuild1\CTempRebuild1.vcxproj", "{B48D2FAB-2696-4ED9-8203-44811E6B8FF3}"
EndProject
Project("{8BC9CEB8-8B4A-11D0-8D11-00A0C91BC942}") = "quiz004", "quiz004\quiz004.vcxproj", "{3CA3727D-2989-4F58-8589-08E02441CB44}"
EndProject
Project("{8BC9CEB8-8B4A-11D0-8D11-00A0C91BC942}") = "quiz005", "quiz005\quiz005.vcxproj", "{7BF24BB4-1076-4354-8A1F-73EC57E02835}"
EndProject
Project("{8BC9CEB8-8B4A-11D0-8D11-00A0C91BC942}") = "quiz006", "quiz006\quiz006.vcxproj", "{29742687-C8AA-4645-9207-3E8A91CEACF2}"
EndProject
Project("{8BC9CEB8-8B4A-11D0-8D11-00A0C91BC942}") = "quiz007", "quiz007\quiz007.vcxproj", "{49C3DC17-B1A4-41CA-B3DD-486F26464B1A}"
EndProject
Project("{8BC9CEB8-8B4A-11D0-8D11-00A0C91BC942}") = "quiz009", "quiz009\quiz009.vcxproj", "{33798C3C-B538-49F1-B4B1-5089E4DD26F8}"
EndProject
Project("{8BC9CEB8-8B4A-11D0-8D11-00A0C91BC942}") = "quiz008", "quiz008\quiz008.vcxproj", "{E7C49354-B72D-408A-B1F1-F1DA29F9365C}"
EndProject
Project("{8BC9CEB8-8B4A-11D0-8D11-00A0C91BC942}") = "quiz010", "quiz010\quiz010.vcxproj", "{7AB36DB2-11D0-47DE-9593-4955CB118E1B}"
EndProject
Project("{8BC9CEB8-8B4A-11D0-8D11-00A0C91BC942}") = "quiz011", "quiz011\quiz011.vcxproj", "{22490B01-28D8-45F6-994C-9E6D2B543023}"
EndProject
Global
	GlobalSection(SolutionConfigurationPlatforms) = preSolution
		Debug|x64 = Debug|x64
		Debug|x86 = Debug|x86
		Release|x64 = Release|x64
		Release|x86 = Release|x86
	EndGlobalSection
	GlobalSection(ProjectConfigurationPlatforms) = postSolution
		{DE7E4FDA-4A9E-45C1-A268-B15424FB1C8D}.Debug|x64.ActiveCfg = Debug|x64
		{DE7E4FDA-4A9E-45C1-A268-B15424FB1C8D}.Debug|x64.Build.0 = Debug|x64
		{DE7E4FDA-4A9E-45C1-A268-B15424FB1C8D}.Debug|x86.ActiveCfg = Debug|Win32
		{DE7E4FDA-4A9E-45C1-A268-B15424FB1C8D}.Debug|x86.Build.0 = Debug|Win32
		{DE7E4FDA-4A9E-45C1-A268-B15424FB1C8D}.Release|x64.ActiveCfg = Release|x64
		{DE7E4FDA-4A9E-45C1-A268-B15424FB1C8D}.Release|x64.Build.0 = Release|x64
		{DE7E4FDA-4A9E-45C1-A268-B15424FB1C8D}.Release|x86.ActiveCfg = Release|Win32
		{DE7E4FDA-4A9E-45C1-A268-B15424FB1C8D}.Release|x86.Build.0 = Release|Win32
		{DDAD11C5-FEE5-4196-9531-55B8BC5D4174}.Debug|x64.ActiveCfg = Debug|x64
		{DDAD11C5-FEE5-4196-9531-55B8BC5D4174}.Debug|x64.Build.0 = Debug|x64
		{DDAD11C5-FEE5-4196-9531-55B8BC5D4174}.Debug|x86.ActiveCfg = Debug|Win32
		{DDAD11C5-FEE5-4196-9531-55B8BC5D4174}.Debug|x86.Build.0 = Debug|Win32
		{DDAD11C5-FEE5-4196-9531-55B8BC5D4174}.Release|x64.ActiveCfg = Release|x64
		{DDAD11C5-FEE5-4196-9531-55B8BC5D4174}.Release|x64.Build.0 = Release|x64
		{DDAD11C5-FEE5-4196-9531-55B8BC5D4174}.Release|x86.ActiveCfg = Release|Win32
		{DDAD11C5-FEE5-4196-9531-55B8BC5D4174}.Release|x86.Build.0 = Release|Win32
		{B48D2FAB-2696-4ED9-8203-44811E6B8FF3}.Debug|x64.ActiveCfg = Debug|x64
		{B48D2FAB-2696-4ED9-8203-44811E6B8FF3}.Debug|x64.Build.0 = Debug|x64
		{B48D2FAB-2696-4ED9-8203-44811E6B8FF3}.Debug|x86.ActiveCfg = Debug|Win32
		{B48D2FAB-2696-4ED9-8203-44811E6B8FF3}.Debug|x86.Build.0 = Debug|Win32
		{B48D2FAB-2696-4ED9-8203-44811E6B8FF3}.Release|x64.ActiveCfg = Release|x64
		{B48D2FAB-2696-4ED9-8203-44811E6B8FF3}.Release|x64.Build.0 = Release|x64
		{B48D2FAB-2696-4ED9-8203-44811E6B8FF3}.Release|x86.ActiveCfg = Release|Win32
		{B48D2FAB-2696-4ED9-8203-44811E6B8FF3}.Release|x86.Build.0 = Release|Win32
		{3CA3727D-2989-4F58-8589-08E02441CB44}.Debug|x64.ActiveCfg = Debug|x64
		{3CA3727D-2989-4F58-8589-08E02441CB44}.Debug|x64.Build.0 = Debug|x64
		{3CA3727D-2989-4F58-8589-08E02441CB44}.Debug|x86.ActiveCfg = Debug|Win32
		{3CA3727D-2989-4F58-8589-08E02441CB44}.Debug|x86.Build.0 = Debug|Win32
		{3CA3727D-2989-4F58-8589-08E02441CB44}.Release|x64.ActiveCfg = Release|x64
		{3CA3727D-2989-4F58-8589-08E02441CB44}.Release|x64.Build.0 = Release|x64
		{3CA3727D-2989-4F58-8589-08E02441CB44}.Release|x86.ActiveCfg = Release|Win32
		{3CA3727D-2989-4F58-8589-08E02441CB44}.Release|x86.Build.0 = Release|Win32
		{7BF24BB4-1076-4354-8A1F-73EC57E02835}.Debug|x64.ActiveCfg = Debug|x64
		{7BF24BB4-1076-4354-8A1F-73EC57E02835}.Debug|x64.Build.0 = Debug|x64
		{7BF24BB4-1076-4354-8A1F-73EC57E02835}.Debug|x86.ActiveCfg = Debug|Win32
		{7BF24BB4-1076-4354-8A1F-73EC57E02835}.Debug|x86.Build.0 = Debug|Win32
		{7BF24BB4-1076-4354-8A1F-73EC57E02835}.Release|x64.ActiveCfg = Release|x64
		{7BF24BB4-1076-4354-8A1F-73EC57E02835}.Release|x64.Build.0 = Release|x64
		{7BF24BB4-1076-4354-8A1F-73EC57E02835}.Release|x86.ActiveCfg = Release|Win32
		{7BF24BB4-1076-4354-8A1F-73EC57E02835}.Release|x86.Build.0 = Release|Win32
		{29742687-C8AA-4645-9207-3E8A91CEACF2}.Debug|x64.ActiveCfg = Debug|x64
		{29742687-C8AA-4645-9207-3E8A91CEACF2}.Debug|x64.Build.0 = Debug|x64
		{29742687-C8AA-4645-9207-3E8A91CEACF2}.Debug|x86.ActiveCfg = Debug|Win32
		{29742687-C8AA-4645-9207-3E8A91CEACF2}.Debug|x86.Build.0 = Debug|Win32
		{29742687-C8AA-4645-9207-3E8A91CEACF2}.Release|x64.ActiveCfg = Release|x64
		{29742687-C8AA-4645-9207-3E8A91CEACF2}.Release|x64.Build.0 = Release|x64
		{29742687-C8AA-4645-9207-3E8A91CEACF2}.Release|x86.ActiveCfg = Release|Win32
		{29742687-C8AA-4645-9207-3E8A91CEACF2}.Release|x86.Build.0 = Release|Win32
		{49C3DC17-B1A4-41CA-B3DD-486F26464B1A}.Debug|x64.ActiveCfg = Debug|x64
		{49C3DC17-B1A4-41CA-B3DD-486F26464B1A}.Debug|x64.Build.0 = Debug|x64
		{49C3DC17-B1A4-41CA-B3DD-486F26464B1A}.Debug|x86.ActiveCfg = Debug|Win32
		{49C3DC17-B1A4-41CA-B3DD-486F26464B1A}.Debug|x86.Build.0 = Debug|Win32
		{49C3DC17-B1A4-41CA-B3DD-486F26464B1A}.Release|x64.ActiveCfg = Release|x64
		{49C3DC17-B1A4-41CA-B3DD-486F26464B1A}.Release|x64.Build.0 = Release|x64
		{49C3DC17-B1A4-41CA-B3DD-486F26464B1A}.Release|x86.ActiveCfg = Release|Win32
		{49C3DC17-B1A4-41CA-B3DD-486F26464B1A}.Release|x86.Build.0 = Release|Win32
		{33798C3C-B538-49F1-B4B1-5089E4DD26F8}.Debug|x64.ActiveCfg = Debug|x64
		{33798C3C-B538-49F1-B4B1-5089E4DD26F8}.Debug|x64.Build.0 = Debug|x64
		{33798C3C-B538-49F1-B4B1-5089E4DD26F8}.Debug|x86.ActiveCfg = Debug|Win32
		{33798C3C-B538-49F1-B4B1-5089E4DD26F8}.Debug|x86.Build.0 = Debug|Win32
		{33798C3C-B538-49F1-B4B1-5089E4DD26F8}.Release|x64.ActiveCfg = Release|x64
		{33798C3C-B538-49F1-B4B1-5089E4DD26F8}.Release|x64.Build.0 = Release|x64
		{33798C3C-B538-49F1-B4B1-5089E4DD26F8}.Release|x86.ActiveCfg = Release|Win32
		{33798C3C-B538-49F1-B4B1-5089E4DD26F8}.Release|x86.Build.0 = Release|Win32
		{E7C49354-B72D-408A-B1F1-F1DA29F9365C}.Debug|x64.ActiveCfg = Debug|x64
		{E7C49354-B72D-408A-B1F1-F1DA29F9365C}.Debug|x64.Build.0 = Debug|x64
		{E7C49354-B72D-408A-B1F1-F1DA29F9365C}.Debug|x86.ActiveCfg = Debug|Win32
		{E7C49354-B72D-408A-B1F1-F1DA29F9365C}.Debug|x86.Build.0 = Debug|Win32
		{E7C49354-B72D-408A-B1F1-F1DA29F9365C}.Release|x64.ActiveCfg = Release|x64
		{E7C49354-B72D-408A-B1F1-F1DA29F9365C}.Release|x64.Build.0 = Release|x64
		{E7C49354-B72D-408A-B1F1-F1DA29F9365C}.Release|x86.ActiveCfg = Release|Win32
		{E7C49354-B72D-408A-B1F1-F1DA29F9365C}.Release|x86.Build.0 = Release|Win32
		{7AB36DB2-11D0-47DE-9593-4955CB118E1B}.Debug|x64.ActiveCfg = Debug|x64
		{7AB36DB2-11D0-47DE-9593-4955CB118E1B}.Debug|x64.Build.0 = Debug|x64
		{7AB36DB2-11D0-47DE-9593-4955CB118E1B}.Debug|x86.ActiveCfg = Debug|Win32
		{7AB36DB2-11D0-47DE-9593-4955CB118E1B}.Debug|x86.Build.0 = Debug|Win32
		{7AB36DB2-11D0-47DE-9593-4955CB118E1B}.Release|x64.ActiveCfg = Release|x64
		{7AB36DB2-11D0-47DE-9593-4955CB118E1B}.Release|x64.Build.0 = Release|x64
		{7AB36DB2-11D0-47DE-9593-4955CB118E1B}.Release|x86.ActiveCfg = Release|Win32
		{7AB36DB2-11D0-47DE-9593-4955CB118E1B}.Release|x86.Build.0 = Release|Win32
		{22490B01-28D8-45F6-994C-9E6D2B543023}.Debug|x64.ActiveCfg = Debug|x64
		{22490B01-28D8-45F6-994C-9E6D2B543023}.Debug|x64.Build.0 = Debug|x64
		{22490B01-28D8-45F6-994C-9E6D2B543023}.Debug|x86.ActiveCfg = Debug|Win32
		{22490B01-28D8-45F6-994C-9E6D2B543023}.Debug|x86.Build.0 = Debug|Win32
		{22490B01-28D8-45F6-994C-9E6D2B543023}.Release|x64.ActiveCfg = Release|x64
		{22490B01-28D8-45F6-994C-9E6D2B543023}.Release|x64.Build.0 = Release|x64
		{22490B01-28D8-45F6-994C-9E6D2B543023}.Release|x86.ActiveCfg = Release|Win32
		{22490B01-28D8-45F6-994C-9E6D2B543023}.Release|x86.Build.0 = Release|Win32
	EndGlobalSection
	GlobalSection(SolutionProperties) = preSolution
		HideSolutionNode = FALSE
	EndGlobalSection
	GlobalSection(ExtensibilityGlobals) = postSolution
		SolutionGuid = {5DD9D195-0188-4639-8474-ACCEA07EE5E6}
	EndGlobalSection
EndGlobal
